// !$*UTF8*$!
{
	archiveVersion = 1;
	classes = {
	};
	objectVersion = 50;
	objects = {

/* Begin PBXBuildFile section */
		5C3DAF2F2566576000178EA0 /* CountryListViewController.swift in Sources */ = {isa = PBXBuildFile; fileRef = 5C3DAF2D2566576000178EA0 /* CountryListViewController.swift */; };
		5C3DAF302566576000178EA0 /* CountryListViewController.xib in Resources */ = {isa = PBXBuildFile; fileRef = 5C3DAF2E2566576000178EA0 /* CountryListViewController.xib */; };
		5C3DAF3525665F0200178EA0 /* CountryCell.swift in Sources */ = {isa = PBXBuildFile; fileRef = 5C3DAF3325665F0200178EA0 /* CountryCell.swift */; };
		5C3DAF3625665F0200178EA0 /* CountryCell.xib in Resources */ = {isa = PBXBuildFile; fileRef = 5C3DAF3425665F0200178EA0 /* CountryCell.xib */; };
		5C3DAF3A25666A8000178EA0 /* TravelDetail.storyboard in Resources */ = {isa = PBXBuildFile; fileRef = 5C3DAF3925666A8000178EA0 /* TravelDetail.storyboard */; };
		5C3DAF3E25666B4D00178EA0 /* TravelProfileViewController.swift in Sources */ = {isa = PBXBuildFile; fileRef = 5C3DAF3D25666B4D00178EA0 /* TravelProfileViewController.swift */; };
		95A42E7A25664DBE0007810C /* AppDelegate.swift in Sources */ = {isa = PBXBuildFile; fileRef = 95A42E7925664DBE0007810C /* AppDelegate.swift */; };
		95A42E7C25664DBE0007810C /* SceneDelegate.swift in Sources */ = {isa = PBXBuildFile; fileRef = 95A42E7B25664DBE0007810C /* SceneDelegate.swift */; };
		95A42E7E25664DBE0007810C /* TravelListViewController.swift in Sources */ = {isa = PBXBuildFile; fileRef = 95A42E7D25664DBE0007810C /* TravelListViewController.swift */; };
		95A42E8125664DBE0007810C /* Main.storyboard in Resources */ = {isa = PBXBuildFile; fileRef = 95A42E7F25664DBE0007810C /* Main.storyboard */; };
		95A42E8425664DBE0007810C /* BoostPocket.xcdatamodeld in Sources */ = {isa = PBXBuildFile; fileRef = 95A42E8225664DBE0007810C /* BoostPocket.xcdatamodeld */; };
		95A42E8625664DC40007810C /* Assets.xcassets in Resources */ = {isa = PBXBuildFile; fileRef = 95A42E8525664DC40007810C /* Assets.xcassets */; };
		95A42E8925664DC40007810C /* LaunchScreen.storyboard in Resources */ = {isa = PBXBuildFile; fileRef = 95A42E8725664DC40007810C /* LaunchScreen.storyboard */; };
		95A42E9425664DC40007810C /* BoostPocketTests.swift in Sources */ = {isa = PBXBuildFile; fileRef = 95A42E9325664DC40007810C /* BoostPocketTests.swift */; };
/* End PBXBuildFile section */

/* Begin PBXContainerItemProxy section */
		95A42E9025664DC40007810C /* PBXContainerItemProxy */ = {
			isa = PBXContainerItemProxy;
			containerPortal = 95A42E6E25664DBE0007810C /* Project object */;
			proxyType = 1;
			remoteGlobalIDString = 95A42E7525664DBE0007810C;
			remoteInfo = BoostPocket;
		};
/* End PBXContainerItemProxy section */

/* Begin PBXFileReference section */
		5C3DAF2D2566576000178EA0 /* CountryListViewController.swift */ = {isa = PBXFileReference; lastKnownFileType = sourcecode.swift; path = CountryListViewController.swift; sourceTree = "<group>"; };
		5C3DAF2E2566576000178EA0 /* CountryListViewController.xib */ = {isa = PBXFileReference; lastKnownFileType = file.xib; path = CountryListViewController.xib; sourceTree = "<group>"; };
		5C3DAF3325665F0200178EA0 /* CountryCell.swift */ = {isa = PBXFileReference; lastKnownFileType = sourcecode.swift; path = CountryCell.swift; sourceTree = "<group>"; };
		5C3DAF3425665F0200178EA0 /* CountryCell.xib */ = {isa = PBXFileReference; lastKnownFileType = file.xib; path = CountryCell.xib; sourceTree = "<group>"; };
		5C3DAF3925666A8000178EA0 /* TravelDetail.storyboard */ = {isa = PBXFileReference; lastKnownFileType = file.storyboard; path = TravelDetail.storyboard; sourceTree = "<group>"; };
		5C3DAF3D25666B4D00178EA0 /* TravelProfileViewController.swift */ = {isa = PBXFileReference; lastKnownFileType = sourcecode.swift; path = TravelProfileViewController.swift; sourceTree = "<group>"; };
		95A42E7625664DBE0007810C /* BoostPocket.app */ = {isa = PBXFileReference; explicitFileType = wrapper.application; includeInIndex = 0; path = BoostPocket.app; sourceTree = BUILT_PRODUCTS_DIR; };
		95A42E7925664DBE0007810C /* AppDelegate.swift */ = {isa = PBXFileReference; lastKnownFileType = sourcecode.swift; path = AppDelegate.swift; sourceTree = "<group>"; };
		95A42E7B25664DBE0007810C /* SceneDelegate.swift */ = {isa = PBXFileReference; lastKnownFileType = sourcecode.swift; path = SceneDelegate.swift; sourceTree = "<group>"; };
		95A42E7D25664DBE0007810C /* TravelListViewController.swift */ = {isa = PBXFileReference; lastKnownFileType = sourcecode.swift; path = TravelListViewController.swift; sourceTree = "<group>"; };
		95A42E8025664DBE0007810C /* Base */ = {isa = PBXFileReference; lastKnownFileType = file.storyboard; name = Base; path = Base.lproj/Main.storyboard; sourceTree = "<group>"; };
		95A42E8325664DBE0007810C /* BoostPocket.xcdatamodel */ = {isa = PBXFileReference; lastKnownFileType = wrapper.xcdatamodel; path = BoostPocket.xcdatamodel; sourceTree = "<group>"; };
		95A42E8525664DC40007810C /* Assets.xcassets */ = {isa = PBXFileReference; lastKnownFileType = folder.assetcatalog; path = Assets.xcassets; sourceTree = "<group>"; };
		95A42E8825664DC40007810C /* Base */ = {isa = PBXFileReference; lastKnownFileType = file.storyboard; name = Base; path = Base.lproj/LaunchScreen.storyboard; sourceTree = "<group>"; };
		95A42E8A25664DC40007810C /* Info.plist */ = {isa = PBXFileReference; lastKnownFileType = text.plist.xml; path = Info.plist; sourceTree = "<group>"; };
		95A42E8F25664DC40007810C /* BoostPocketTests.xctest */ = {isa = PBXFileReference; explicitFileType = wrapper.cfbundle; includeInIndex = 0; path = BoostPocketTests.xctest; sourceTree = BUILT_PRODUCTS_DIR; };
		95A42E9325664DC40007810C /* BoostPocketTests.swift */ = {isa = PBXFileReference; lastKnownFileType = sourcecode.swift; path = BoostPocketTests.swift; sourceTree = "<group>"; };
		95A42E9525664DC40007810C /* Info.plist */ = {isa = PBXFileReference; lastKnownFileType = text.plist.xml; path = Info.plist; sourceTree = "<group>"; };
/* End PBXFileReference section */

/* Begin PBXFrameworksBuildPhase section */
		95A42E7325664DBE0007810C /* Frameworks */ = {
			isa = PBXFrameworksBuildPhase;
			buildActionMask = 2147483647;
			files = (
			);
			runOnlyForDeploymentPostprocessing = 0;
		};
		95A42E8C25664DC40007810C /* Frameworks */ = {
			isa = PBXFrameworksBuildPhase;
			buildActionMask = 2147483647;
			files = (
			);
			runOnlyForDeploymentPostprocessing = 0;
		};
/* End PBXFrameworksBuildPhase section */

/* Begin PBXGroup section */
		95A42E6D25664DBE0007810C = {
			isa = PBXGroup;
			children = (
				95A42E7825664DBE0007810C /* BoostPocket */,
				95A42E9225664DC40007810C /* BoostPocketTests */,
				95A42E7725664DBE0007810C /* Products */,
			);
			sourceTree = "<group>";
		};
		95A42E7725664DBE0007810C /* Products */ = {
			isa = PBXGroup;
			children = (
				95A42E7625664DBE0007810C /* BoostPocket.app */,
				95A42E8F25664DC40007810C /* BoostPocketTests.xctest */,
			);
			name = Products;
			sourceTree = "<group>";
		};
		95A42E7825664DBE0007810C /* BoostPocket */ = {
			isa = PBXGroup;
			children = (
				95A42E7925664DBE0007810C /* AppDelegate.swift */,
				95A42E7B25664DBE0007810C /* SceneDelegate.swift */,
				95A42E7D25664DBE0007810C /* TravelListViewController.swift */,
				95A42E7F25664DBE0007810C /* Main.storyboard */,
				95A42E8525664DC40007810C /* Assets.xcassets */,
				95A42E8725664DC40007810C /* LaunchScreen.storyboard */,
				95A42E8A25664DC40007810C /* Info.plist */,
				95A42E8225664DBE0007810C /* BoostPocket.xcdatamodeld */,
				5C3DAF2D2566576000178EA0 /* CountryListViewController.swift */,
				5C3DAF2E2566576000178EA0 /* CountryListViewController.xib */,
				5C3DAF3325665F0200178EA0 /* CountryCell.swift */,
				5C3DAF3425665F0200178EA0 /* CountryCell.xib */,
				5C3DAF3925666A8000178EA0 /* TravelDetail.storyboard */,
				5C3DAF3D25666B4D00178EA0 /* TravelProfileViewController.swift */,
			);
			path = BoostPocket;
			sourceTree = "<group>";
		};
		95A42E9225664DC40007810C /* BoostPocketTests */ = {
			isa = PBXGroup;
			children = (
				95A42E9325664DC40007810C /* BoostPocketTests.swift */,
				95A42E9525664DC40007810C /* Info.plist */,
			);
			path = BoostPocketTests;
			sourceTree = "<group>";
		};
/* End PBXGroup section */

/* Begin PBXNativeTarget section */
		95A42E7525664DBE0007810C /* BoostPocket */ = {
			isa = PBXNativeTarget;
			buildConfigurationList = 95A42E9825664DC40007810C /* Build configuration list for PBXNativeTarget "BoostPocket" */;
			buildPhases = (
				95A42E7225664DBE0007810C /* Sources */,
				95A42E7325664DBE0007810C /* Frameworks */,
				95A42E7425664DBE0007810C /* Resources */,
			);
			buildRules = (
			);
			dependencies = (
			);
			name = BoostPocket;
			productName = BoostPocket;
			productReference = 95A42E7625664DBE0007810C /* BoostPocket.app */;
			productType = "com.apple.product-type.application";
		};
		95A42E8E25664DC40007810C /* BoostPocketTests */ = {
			isa = PBXNativeTarget;
			buildConfigurationList = 95A42E9B25664DC40007810C /* Build configuration list for PBXNativeTarget "BoostPocketTests" */;
			buildPhases = (
				95A42E8B25664DC40007810C /* Sources */,
				95A42E8C25664DC40007810C /* Frameworks */,
				95A42E8D25664DC40007810C /* Resources */,
			);
			buildRules = (
			);
			dependencies = (
				95A42E9125664DC40007810C /* PBXTargetDependency */,
			);
			name = BoostPocketTests;
			productName = BoostPocketTests;
			productReference = 95A42E8F25664DC40007810C /* BoostPocketTests.xctest */;
			productType = "com.apple.product-type.bundle.unit-test";
		};
/* End PBXNativeTarget section */

/* Begin PBXProject section */
		95A42E6E25664DBE0007810C /* Project object */ = {
			isa = PBXProject;
			attributes = {
				LastSwiftUpdateCheck = 1160;
				LastUpgradeCheck = 1160;
				ORGANIZATIONNAME = BoostPocket;
				TargetAttributes = {
					95A42E7525664DBE0007810C = {
						CreatedOnToolsVersion = 11.6;
					};
					95A42E8E25664DC40007810C = {
						CreatedOnToolsVersion = 11.6;
						TestTargetID = 95A42E7525664DBE0007810C;
					};
				};
			};
			buildConfigurationList = 95A42E7125664DBE0007810C /* Build configuration list for PBXProject "BoostPocket" */;
			compatibilityVersion = "Xcode 9.3";
			developmentRegion = en;
			hasScannedForEncodings = 0;
			knownRegions = (
				en,
				Base,
			);
			mainGroup = 95A42E6D25664DBE0007810C;
			productRefGroup = 95A42E7725664DBE0007810C /* Products */;
			projectDirPath = "";
			projectRoot = "";
			targets = (
				95A42E7525664DBE0007810C /* BoostPocket */,
				95A42E8E25664DC40007810C /* BoostPocketTests */,
			);
		};
/* End PBXProject section */

/* Begin PBXResourcesBuildPhase section */
		95A42E7425664DBE0007810C /* Resources */ = {
			isa = PBXResourcesBuildPhase;
			buildActionMask = 2147483647;
			files = (
				5C3DAF3625665F0200178EA0 /* CountryCell.xib in Resources */,
				95A42E8925664DC40007810C /* LaunchScreen.storyboard in Resources */,
				5C3DAF302566576000178EA0 /* CountryListViewController.xib in Resources */,
				95A42E8625664DC40007810C /* Assets.xcassets in Resources */,
				95A42E8125664DBE0007810C /* Main.storyboard in Resources */,
				5C3DAF3A25666A8000178EA0 /* TravelDetail.storyboard in Resources */,
			);
			runOnlyForDeploymentPostprocessing = 0;
		};
		95A42E8D25664DC40007810C /* Resources */ = {
			isa = PBXResourcesBuildPhase;
			buildActionMask = 2147483647;
			files = (
			);
			runOnlyForDeploymentPostprocessing = 0;
		};
/* End PBXResourcesBuildPhase section */

/* Begin PBXSourcesBuildPhase section */
		95A42E7225664DBE0007810C /* Sources */ = {
			isa = PBXSourcesBuildPhase;
			buildActionMask = 2147483647;
			files = (
				95A42E7E25664DBE0007810C /* TravelListViewController.swift in Sources */,
				5C3DAF3E25666B4D00178EA0 /* TravelProfileViewController.swift in Sources */,
				5C3DAF2F2566576000178EA0 /* CountryListViewController.swift in Sources */,
				5C3DAF3525665F0200178EA0 /* CountryCell.swift in Sources */,
				95A42E8425664DBE0007810C /* BoostPocket.xcdatamodeld in Sources */,
				95A42E7A25664DBE0007810C /* AppDelegate.swift in Sources */,
				95A42E7C25664DBE0007810C /* SceneDelegate.swift in Sources */,
			);
			runOnlyForDeploymentPostprocessing = 0;
		};
		95A42E8B25664DC40007810C /* Sources */ = {
			isa = PBXSourcesBuildPhase;
			buildActionMask = 2147483647;
			files = (
				95A42E9425664DC40007810C /* BoostPocketTests.swift in Sources */,
			);
			runOnlyForDeploymentPostprocessing = 0;
		};
/* End PBXSourcesBuildPhase section */

/* Begin PBXTargetDependency section */
		95A42E9125664DC40007810C /* PBXTargetDependency */ = {
			isa = PBXTargetDependency;
			target = 95A42E7525664DBE0007810C /* BoostPocket */;
			targetProxy = 95A42E9025664DC40007810C /* PBXContainerItemProxy */;
		};
/* End PBXTargetDependency section */

/* Begin PBXVariantGroup section */
		95A42E7F25664DBE0007810C /* Main.storyboard */ = {
			isa = PBXVariantGroup;
			children = (
				95A42E8025664DBE0007810C /* Base */,
			);
			name = Main.storyboard;
			sourceTree = "<group>";
		};
		95A42E8725664DC40007810C /* LaunchScreen.storyboard */ = {
			isa = PBXVariantGroup;
			children = (
				95A42E8825664DC40007810C /* Base */,
			);
			name = LaunchScreen.storyboard;
			sourceTree = "<group>";
		};
/* End PBXVariantGroup section */

/* Begin XCBuildConfiguration section */
		95A42E9625664DC40007810C /* Debug */ = {
			isa = XCBuildConfiguration;
			buildSettings = {
				ALWAYS_SEARCH_USER_PATHS = NO;
				CLANG_ANALYZER_NONNULL = YES;
				CLANG_ANALYZER_NUMBER_OBJECT_CONVERSION = YES_AGGRESSIVE;
				CLANG_CXX_LANGUAGE_STANDARD = "gnu++14";
				CLANG_CXX_LIBRARY = "libc++";
				CLANG_ENABLE_MODULES = YES;
				CLANG_ENABLE_OBJC_ARC = YES;
				CLANG_ENABLE_OBJC_WEAK = YES;
				CLANG_WARN_BLOCK_CAPTURE_AUTORELEASING = YES;
				CLANG_WARN_BOOL_CONVERSION = YES;
				CLANG_WARN_COMMA = YES;
				CLANG_WARN_CONSTANT_CONVERSION = YES;
				CLANG_WARN_DEPRECATED_OBJC_IMPLEMENTATIONS = YES;
				CLANG_WARN_DIRECT_OBJC_ISA_USAGE = YES_ERROR;
				CLANG_WARN_DOCUMENTATION_COMMENTS = YES;
				CLANG_WARN_EMPTY_BODY = YES;
				CLANG_WARN_ENUM_CONVERSION = YES;
				CLANG_WARN_INFINITE_RECURSION = YES;
				CLANG_WARN_INT_CONVERSION = YES;
				CLANG_WARN_NON_LITERAL_NULL_CONVERSION = YES;
				CLANG_WARN_OBJC_IMPLICIT_RETAIN_SELF = YES;
				CLANG_WARN_OBJC_LITERAL_CONVERSION = YES;
				CLANG_WARN_OBJC_ROOT_CLASS = YES_ERROR;
				CLANG_WARN_RANGE_LOOP_ANALYSIS = YES;
				CLANG_WARN_STRICT_PROTOTYPES = YES;
				CLANG_WARN_SUSPICIOUS_MOVE = YES;
				CLANG_WARN_UNGUARDED_AVAILABILITY = YES_AGGRESSIVE;
				CLANG_WARN_UNREACHABLE_CODE = YES;
				CLANG_WARN__DUPLICATE_METHOD_MATCH = YES;
				COPY_PHASE_STRIP = NO;
				DEBUG_INFORMATION_FORMAT = dwarf;
				ENABLE_STRICT_OBJC_MSGSEND = YES;
				ENABLE_TESTABILITY = YES;
				GCC_C_LANGUAGE_STANDARD = gnu11;
				GCC_DYNAMIC_NO_PIC = NO;
				GCC_NO_COMMON_BLOCKS = YES;
				GCC_OPTIMIZATION_LEVEL = 0;
				GCC_PREPROCESSOR_DEFINITIONS = (
					"DEBUG=1",
					"$(inherited)",
				);
				GCC_WARN_64_TO_32_BIT_CONVERSION = YES;
				GCC_WARN_ABOUT_RETURN_TYPE = YES_ERROR;
				GCC_WARN_UNDECLARED_SELECTOR = YES;
				GCC_WARN_UNINITIALIZED_AUTOS = YES_AGGRESSIVE;
				GCC_WARN_UNUSED_FUNCTION = YES;
				GCC_WARN_UNUSED_VARIABLE = YES;
				IPHONEOS_DEPLOYMENT_TARGET = 13.6;
				MTL_ENABLE_DEBUG_INFO = INCLUDE_SOURCE;
				MTL_FAST_MATH = YES;
				ONLY_ACTIVE_ARCH = YES;
				SDKROOT = iphoneos;
				SWIFT_ACTIVE_COMPILATION_CONDITIONS = DEBUG;
				SWIFT_OPTIMIZATION_LEVEL = "-Onone";
			};
			name = Debug;
		};
		95A42E9725664DC40007810C /* Release */ = {
			isa = XCBuildConfiguration;
			buildSettings = {
				ALWAYS_SEARCH_USER_PATHS = NO;
				CLANG_ANALYZER_NONNULL = YES;
				CLANG_ANALYZER_NUMBER_OBJECT_CONVERSION = YES_AGGRESSIVE;
				CLANG_CXX_LANGUAGE_STANDARD = "gnu++14";
				CLANG_CXX_LIBRARY = "libc++";
				CLANG_ENABLE_MODULES = YES;
				CLANG_ENABLE_OBJC_ARC = YES;
				CLANG_ENABLE_OBJC_WEAK = YES;
				CLANG_WARN_BLOCK_CAPTURE_AUTORELEASING = YES;
				CLANG_WARN_BOOL_CONVERSION = YES;
				CLANG_WARN_COMMA = YES;
				CLANG_WARN_CONSTANT_CONVERSION = YES;
				CLANG_WARN_DEPRECATED_OBJC_IMPLEMENTATIONS = YES;
				CLANG_WARN_DIRECT_OBJC_ISA_USAGE = YES_ERROR;
				CLANG_WARN_DOCUMENTATION_COMMENTS = YES;
				CLANG_WARN_EMPTY_BODY = YES;
				CLANG_WARN_ENUM_CONVERSION = YES;
				CLANG_WARN_INFINITE_RECURSION = YES;
				CLANG_WARN_INT_CONVERSION = YES;
				CLANG_WARN_NON_LITERAL_NULL_CONVERSION = YES;
				CLANG_WARN_OBJC_IMPLICIT_RETAIN_SELF = YES;
				CLANG_WARN_OBJC_LITERAL_CONVERSION = YES;
				CLANG_WARN_OBJC_ROOT_CLASS = YES_ERROR;
				CLANG_WARN_RANGE_LOOP_ANALYSIS = YES;
				CLANG_WARN_STRICT_PROTOTYPES = YES;
				CLANG_WARN_SUSPICIOUS_MOVE = YES;
				CLANG_WARN_UNGUARDED_AVAILABILITY = YES_AGGRESSIVE;
				CLANG_WARN_UNREACHABLE_CODE = YES;
				CLANG_WARN__DUPLICATE_METHOD_MATCH = YES;
				COPY_PHASE_STRIP = NO;
				DEBUG_INFORMATION_FORMAT = "dwarf-with-dsym";
				ENABLE_NS_ASSERTIONS = NO;
				ENABLE_STRICT_OBJC_MSGSEND = YES;
				GCC_C_LANGUAGE_STANDARD = gnu11;
				GCC_NO_COMMON_BLOCKS = YES;
				GCC_WARN_64_TO_32_BIT_CONVERSION = YES;
				GCC_WARN_ABOUT_RETURN_TYPE = YES_ERROR;
				GCC_WARN_UNDECLARED_SELECTOR = YES;
				GCC_WARN_UNINITIALIZED_AUTOS = YES_AGGRESSIVE;
				GCC_WARN_UNUSED_FUNCTION = YES;
				GCC_WARN_UNUSED_VARIABLE = YES;
				IPHONEOS_DEPLOYMENT_TARGET = 13.6;
				MTL_ENABLE_DEBUG_INFO = NO;
				MTL_FAST_MATH = YES;
				SDKROOT = iphoneos;
				SWIFT_COMPILATION_MODE = wholemodule;
				SWIFT_OPTIMIZATION_LEVEL = "-O";
				VALIDATE_PRODUCT = YES;
			};
			name = Release;
		};
		95A42E9925664DC40007810C /* Debug */ = {
			isa = XCBuildConfiguration;
			buildSettings = {
				ASSETCATALOG_COMPILER_APPICON_NAME = AppIcon;
				CODE_SIGN_STYLE = Automatic;
				DEVELOPMENT_TEAM = B3PWYBKFUK;
				INFOPLIST_FILE = BoostPocket/Info.plist;
				LD_RUNPATH_SEARCH_PATHS = (
					"$(inherited)",
					"@executable_path/Frameworks",
				);
				PRODUCT_BUNDLE_IDENTIFIER = BoostPocket.BoostPocket;
				PRODUCT_NAME = "$(TARGET_NAME)";
				SWIFT_VERSION = 5.0;
				TARGETED_DEVICE_FAMILY = "1,2";
			};
			name = Debug;
		};
		95A42E9A25664DC40007810C /* Release */ = {
			isa = XCBuildConfiguration;
			buildSettings = {
				ASSETCATALOG_COMPILER_APPICON_NAME = AppIcon;
				CODE_SIGN_STYLE = Automatic;
				DEVELOPMENT_TEAM = B3PWYBKFUK;
				INFOPLIST_FILE = BoostPocket/Info.plist;
				LD_RUNPATH_SEARCH_PATHS = (
					"$(inherited)",
					"@executable_path/Frameworks",
				);
				PRODUCT_BUNDLE_IDENTIFIER = BoostPocket.BoostPocket;
				PRODUCT_NAME = "$(TARGET_NAME)";
				SWIFT_VERSION = 5.0;
				TARGETED_DEVICE_FAMILY = "1,2";
			};
			name = Release;
		};
		95A42E9C25664DC40007810C /* Debug */ = {
			isa = XCBuildConfiguration;
			buildSettings = {
				ALWAYS_EMBED_SWIFT_STANDARD_LIBRARIES = YES;
				BUNDLE_LOADER = "$(TEST_HOST)";
				CODE_SIGN_STYLE = Automatic;
				DEVELOPMENT_TEAM = B3PWYBKFUK;
				INFOPLIST_FILE = BoostPocketTests/Info.plist;
				IPHONEOS_DEPLOYMENT_TARGET = 13.6;
				LD_RUNPATH_SEARCH_PATHS = (
					"$(inherited)",
					"@executable_path/Frameworks",
					"@loader_path/Frameworks",
				);
				PRODUCT_BUNDLE_IDENTIFIER = BoostPocket.BoostPocketTests;
				PRODUCT_NAME = "$(TARGET_NAME)";
				SWIFT_VERSION = 5.0;
				TARGETED_DEVICE_FAMILY = "1,2";
				TEST_HOST = "$(BUILT_PRODUCTS_DIR)/BoostPocket.app/BoostPocket";
			};
			name = Debug;
		};
		95A42E9D25664DC40007810C /* Release */ = {
			isa = XCBuildConfiguration;
			buildSettings = {
				ALWAYS_EMBED_SWIFT_STANDARD_LIBRARIES = YES;
				BUNDLE_LOADER = "$(TEST_HOST)";
				CODE_SIGN_STYLE = Automatic;
				DEVELOPMENT_TEAM = B3PWYBKFUK;
				INFOPLIST_FILE = BoostPocketTests/Info.plist;
				IPHONEOS_DEPLOYMENT_TARGET = 13.6;
				LD_RUNPATH_SEARCH_PATHS = (
					"$(inherited)",
					"@executable_path/Frameworks",
					"@loader_path/Frameworks",
				);
				PRODUCT_BUNDLE_IDENTIFIER = BoostPocket.BoostPocketTests;
				PRODUCT_NAME = "$(TARGET_NAME)";
				SWIFT_VERSION = 5.0;
				TARGETED_DEVICE_FAMILY = "1,2";
				TEST_HOST = "$(BUILT_PRODUCTS_DIR)/BoostPocket.app/BoostPocket";
			};
			name = Release;
		};
/* End XCBuildConfiguration section */

/* Begin XCConfigurationList section */
		95A42E7125664DBE0007810C /* Build configuration list for PBXProject "BoostPocket" */ = {
			isa = XCConfigurationList;
			buildConfigurations = (
				95A42E9625664DC40007810C /* Debug */,
				95A42E9725664DC40007810C /* Release */,
			);
			defaultConfigurationIsVisible = 0;
			defaultConfigurationName = Release;
		};
		95A42E9825664DC40007810C /* Build configuration list for PBXNativeTarget "BoostPocket" */ = {
			isa = XCConfigurationList;
			buildConfigurations = (
				95A42E9925664DC40007810C /* Debug */,
				95A42E9A25664DC40007810C /* Release */,
			);
			defaultConfigurationIsVisible = 0;
			defaultConfigurationName = Release;
		};
		95A42E9B25664DC40007810C /* Build configuration list for PBXNativeTarget "BoostPocketTests" */ = {
			isa = XCConfigurationList;
			buildConfigurations = (
				95A42E9C25664DC40007810C /* Debug */,
				95A42E9D25664DC40007810C /* Release */,
			);
			defaultConfigurationIsVisible = 0;
			defaultConfigurationName = Release;
		};
/* End XCConfigurationList section */

/* Begin XCVersionGroup section */
		95A42E8225664DBE0007810C /* BoostPocket.xcdatamodeld */ = {
			isa = XCVersionGroup;
			children = (
				95A42E8325664DBE0007810C /* BoostPocket.xcdatamodel */,
			);
			currentVersion = 95A42E8325664DBE0007810C /* BoostPocket.xcdatamodel */;
			path = BoostPocket.xcdatamodeld;
			sourceTree = "<group>";
			versionGroupType = wrapper.xcdatamodel;
		};
/* End XCVersionGroup section */
	};
	rootObject = 95A42E6E25664DBE0007810C /* Project object */;
}
