// !$*UTF8*$!
{
	archiveVersion = 1;
	classes = {
	};
	objectVersion = 51;
	objects = {

/* Begin PBXBuildFile section */
		3725D4AFE6D2AE5B6A21D483 /* Pods_BoostPocket.framework in Frameworks */ = {isa = PBXBuildFile; fileRef = 05B97464333E742D61CD6648 /* Pods_BoostPocket.framework */; };
		470EEBDB802C6552ECB4E189 /* Pods_BoostPocketTests.framework in Frameworks */ = {isa = PBXBuildFile; fileRef = 81FEEDDEA3FA0D3B4F97EE2F /* Pods_BoostPocketTests.framework */; };
		5C15AB3E2577C32000244C6C /* HistoryCell.swift in Sources */ = {isa = PBXBuildFile; fileRef = 5C15AB3C2577C32000244C6C /* HistoryCell.swift */; };
		5C15AB3F2577C32000244C6C /* HistoryCell.xib in Resources */ = {isa = PBXBuildFile; fileRef = 5C15AB3D2577C32000244C6C /* HistoryCell.xib */; };
		5C15AB442577C96E00244C6C /* HistoryListViewController.swift in Sources */ = {isa = PBXBuildFile; fileRef = 5C15AB432577C96E00244C6C /* HistoryListViewController.swift */; };
		5C15AB492577DED700244C6C /* HistoryHeaderCell.swift in Sources */ = {isa = PBXBuildFile; fileRef = 5C15AB482577DED700244C6C /* HistoryHeaderCell.swift */; };
		5C15AB4E2577DEE900244C6C /* HistoryHeaderCell.xib in Resources */ = {isa = PBXBuildFile; fileRef = 5C15AB4D2577DEE900244C6C /* HistoryHeaderCell.xib */; };
		5C3DAF2F2566576000178EA0 /* CountryListViewController.swift in Sources */ = {isa = PBXBuildFile; fileRef = 5C3DAF2D2566576000178EA0 /* CountryListViewController.swift */; };
		5C3DAF302566576000178EA0 /* CountryListViewController.xib in Resources */ = {isa = PBXBuildFile; fileRef = 5C3DAF2E2566576000178EA0 /* CountryListViewController.xib */; };
		5C3DAF3525665F0200178EA0 /* CountryCell.swift in Sources */ = {isa = PBXBuildFile; fileRef = 5C3DAF3325665F0200178EA0 /* CountryCell.swift */; };
		5C3DAF3625665F0200178EA0 /* CountryCell.xib in Resources */ = {isa = PBXBuildFile; fileRef = 5C3DAF3425665F0200178EA0 /* CountryCell.xib */; };
		5C3DAF3A25666A8000178EA0 /* TravelDetail.storyboard in Resources */ = {isa = PBXBuildFile; fileRef = 5C3DAF3925666A8000178EA0 /* TravelDetail.storyboard */; };
		5C3DAF3E25666B4D00178EA0 /* TravelProfileViewController.swift in Sources */ = {isa = PBXBuildFile; fileRef = 5C3DAF3D25666B4D00178EA0 /* TravelProfileViewController.swift */; };
		5C4E1B0C256BD7CD006760EF /* CountryItemViewModel.swift in Sources */ = {isa = PBXBuildFile; fileRef = 5C4E1B0B256BD7CD006760EF /* CountryItemViewModel.swift */; };
		5C77958D257965B400A685FB /* UIStackView+RemoveAll.swift in Sources */ = {isa = PBXBuildFile; fileRef = 5C77958C257965B400A685FB /* UIStackView+RemoveAll.swift */; };
		5C797493256FD263007CB1ED /* TravelHeaderCell.swift in Sources */ = {isa = PBXBuildFile; fileRef = 5C797491256FD263007CB1ED /* TravelHeaderCell.swift */; };
		5C797494256FD263007CB1ED /* TravelHeaderCell.xib in Resources */ = {isa = PBXBuildFile; fileRef = 5C797492256FD263007CB1ED /* TravelHeaderCell.xib */; };
		5C7F83632578B40400A58112 /* DayCell.swift in Sources */ = {isa = PBXBuildFile; fileRef = 5C7F83622578B40400A58112 /* DayCell.swift */; };
		5C7F83682578C77A00A58112 /* Date+PeriodOfDates.swift in Sources */ = {isa = PBXBuildFile; fileRef = 5C7F83672578C77A00A58112 /* Date+PeriodOfDates.swift */; };
		5C7F8373257902A100A58112 /* HistoryListSectionHeader.swift in Sources */ = {isa = PBXBuildFile; fileRef = 5C7F8372257902A000A58112 /* HistoryListSectionHeader.swift */; };
		5C815CC5257E2FB700D9EDF4 /* TotalAmountView.swift in Sources */ = {isa = PBXBuildFile; fileRef = 5C815CC4257E2FB700D9EDF4 /* TotalAmountView.swift */; };
		5C89619E256E917300575677 /* TravelStub.swift in Sources */ = {isa = PBXBuildFile; fileRef = 5C89619D256E917300575677 /* TravelStub.swift */; };
		5C8C9196256E8436008C3919 /* TravelItemViewModel.swift in Sources */ = {isa = PBXBuildFile; fileRef = 5C8C9195256E8436008C3919 /* TravelItemViewModel.swift */; };
		5C8C91AD256E8F0F008C3919 /* TravelViewModelTests.swift in Sources */ = {isa = PBXBuildFile; fileRef = 5C8C91AC256E8F0F008C3919 /* TravelViewModelTests.swift */; };
		5C96E8E2256BDA4200246590 /* CountryViewModelTests.swift in Sources */ = {isa = PBXBuildFile; fileRef = 5C96E8E1256BDA4200246590 /* CountryViewModelTests.swift */; };
		5CAE96662577FC6300FD7F05 /* Double+Comma.swift in Sources */ = {isa = PBXBuildFile; fileRef = 5CAE96652577FC6300FD7F05 /* Double+Comma.swift */; };
		5CB682E5256C03F800830373 /* CountryListViewModel.swift in Sources */ = {isa = PBXBuildFile; fileRef = 5CB682E4256C03F800830373 /* CountryListViewModel.swift */; };
		5CCB1265257DFF1D00C6788E /* HistoryItemViewModelStub.swift in Sources */ = {isa = PBXBuildFile; fileRef = 5CCB1264257DFF1D00C6788E /* HistoryItemViewModelStub.swift */; };
		5CD76E9F256C24DC00BD6CE3 /* BoostPocket.xcdatamodeld in Sources */ = {isa = PBXBuildFile; fileRef = 95A42E8225664DBE0007810C /* BoostPocket.xcdatamodeld */; };
		5CD76EBF256C938D00BD6CE3 /* BoostPocket.xcdatamodeld in Sources */ = {isa = PBXBuildFile; fileRef = 95A42E8225664DBE0007810C /* BoostPocket.xcdatamodeld */; };
		5CD9A895257DCA2300A7AEFF /* HistoryFilter.swift in Sources */ = {isa = PBXBuildFile; fileRef = 5CD9A894257DCA2300A7AEFF /* HistoryFilter.swift */; };
		5CD9A89A257DCD6C00A7AEFF /* HistoryFilterTests.swift in Sources */ = {isa = PBXBuildFile; fileRef = 5CD9A899257DCD6C00A7AEFF /* HistoryFilterTests.swift */; };
		5CF409482575239200351F4B /* MemoEditViewController.swift in Sources */ = {isa = PBXBuildFile; fileRef = 5CF409472575239200351F4B /* MemoEditViewController.swift */; };
		954D2CDD257E2F4800ECE9D9 /* CategoryCollectionViewCell.swift in Sources */ = {isa = PBXBuildFile; fileRef = 954D2CDB257E2F4800ECE9D9 /* CategoryCollectionViewCell.swift */; };
		954D2CDE257E2F4800ECE9D9 /* CategoryCollectionViewCell.xib in Resources */ = {isa = PBXBuildFile; fileRef = 954D2CDC257E2F4800ECE9D9 /* CategoryCollectionViewCell.xib */; };
		954F7019256D1C4B00B2E48B /* TravelListViewModel.swift in Sources */ = {isa = PBXBuildFile; fileRef = 954F7018256D1C4B00B2E48B /* TravelListViewModel.swift */; };
		954F701B256D3E7700B2E48B /* Sections.swift in Sources */ = {isa = PBXBuildFile; fileRef = 954F701A256D3E7700B2E48B /* Sections.swift */; };
		955555AA257E18A200CA81C9 /* Country+CoreDataClass.swift in Sources */ = {isa = PBXBuildFile; fileRef = 955555A8257E18A200CA81C9 /* Country+CoreDataClass.swift */; };
		955555AB257E18A200CA81C9 /* Country+CoreDataProperties.swift in Sources */ = {isa = PBXBuildFile; fileRef = 955555A9257E18A200CA81C9 /* Country+CoreDataProperties.swift */; };
		9564EE9A257BBE3F00AD85AC /* Character+isOperation.swift in Sources */ = {isa = PBXBuildFile; fileRef = 9564EE99257BBE3F00AD85AC /* Character+isOperation.swift */; };
		956BBC58256B9CCC007803B1 /* CountryStub.swift in Sources */ = {isa = PBXBuildFile; fileRef = 956BBC57256B9CCC007803B1 /* CountryStub.swift */; };
		9572F977256B5397003049CB /* .swiftlint.yml in Resources */ = {isa = PBXBuildFile; fileRef = 9572F976256B5397003049CB /* .swiftlint.yml */; };
		9572F986256B54E4003049CB /* NetworkManager.framework in Frameworks */ = {isa = PBXBuildFile; fileRef = 9572F97D256B54E4003049CB /* NetworkManager.framework */; };
		9572F98D256B54E4003049CB /* NetworkManagerTests.swift in Sources */ = {isa = PBXBuildFile; fileRef = 9572F98C256B54E4003049CB /* NetworkManagerTests.swift */; };
		9572F98F256B54E4003049CB /* NetworkManager.h in Headers */ = {isa = PBXBuildFile; fileRef = 9572F97F256B54E4003049CB /* NetworkManager.h */; settings = {ATTRIBUTES = (Public, ); }; };
		9572F992256B54E4003049CB /* NetworkManager.framework in Frameworks */ = {isa = PBXBuildFile; fileRef = 9572F97D256B54E4003049CB /* NetworkManager.framework */; };
		9572F994256B54E4003049CB /* NetworkManager.framework in Embed Frameworks */ = {isa = PBXBuildFile; fileRef = 9572F97D256B54E4003049CB /* NetworkManager.framework */; settings = {ATTRIBUTES = (CodeSignOnCopy, RemoveHeadersOnCopy, ); }; };
		9572F99C256B552E003049CB /* DataLoader.swift in Sources */ = {isa = PBXBuildFile; fileRef = 9572F99B256B552E003049CB /* DataLoader.swift */; };
		9572F99D256B552E003049CB /* DataLoader.swift in Sources */ = {isa = PBXBuildFile; fileRef = 9572F99B256B552E003049CB /* DataLoader.swift */; };
		9572F9A9256B902C003049CB /* PersistenceManager.swift in Sources */ = {isa = PBXBuildFile; fileRef = 9572F9A8256B902C003049CB /* PersistenceManager.swift */; };
		9572F9AE256B9524003049CB /* CountryProvider.swift in Sources */ = {isa = PBXBuildFile; fileRef = 9572F9AD256B9524003049CB /* CountryProvider.swift */; };
		9572F9B0256B9703003049CB /* CountryProviderTests.swift in Sources */ = {isa = PBXBuildFile; fileRef = 9572F9AF256B9703003049CB /* CountryProviderTests.swift */; };
		9572F9B3256B974C003049CB /* PersistenceManagerStub.swift in Sources */ = {isa = PBXBuildFile; fileRef = 9572F9B2256B974C003049CB /* PersistenceManagerStub.swift */; };
		95747A67256FAF6B0065C419 /* TravelDetailTabbarController.swift in Sources */ = {isa = PBXBuildFile; fileRef = 95747A66256FAF6B0065C419 /* TravelDetailTabbarController.swift */; };
		95747A69256FCEEA0065C419 /* Data+ImageData.swift in Sources */ = {isa = PBXBuildFile; fileRef = 95747A68256FCEEA0065C419 /* Data+ImageData.swift */; };
		9574ACD02578B4C10072C578 /* AddHistoryViewController.swift in Sources */ = {isa = PBXBuildFile; fileRef = 9574ACCE2578B4C10072C578 /* AddHistoryViewController.swift */; };
		9574ACD12578B4C10072C578 /* AddHistoryViewController.xib in Resources */ = {isa = PBXBuildFile; fileRef = 9574ACCF2578B4C10072C578 /* AddHistoryViewController.xib */; };
		9579CBB7256E46A900E74A61 /* DataModelInfo.swift in Sources */ = {isa = PBXBuildFile; fileRef = 9579CBB6256E46A900E74A61 /* DataModelInfo.swift */; };
		9581C709256E34AC006ABA8E /* PersistenceManagerTests.swift in Sources */ = {isa = PBXBuildFile; fileRef = 9581C708256E34AC006ABA8E /* PersistenceManagerTests.swift */; };
		95A42E7A25664DBE0007810C /* AppDelegate.swift in Sources */ = {isa = PBXBuildFile; fileRef = 95A42E7925664DBE0007810C /* AppDelegate.swift */; };
		95A42E7C25664DBE0007810C /* SceneDelegate.swift in Sources */ = {isa = PBXBuildFile; fileRef = 95A42E7B25664DBE0007810C /* SceneDelegate.swift */; };
		95A42E7E25664DBE0007810C /* TravelListViewController.swift in Sources */ = {isa = PBXBuildFile; fileRef = 95A42E7D25664DBE0007810C /* TravelListViewController.swift */; };
		95A42E8125664DBE0007810C /* Main.storyboard in Resources */ = {isa = PBXBuildFile; fileRef = 95A42E7F25664DBE0007810C /* Main.storyboard */; };
		95A42E8625664DC40007810C /* Assets.xcassets in Resources */ = {isa = PBXBuildFile; fileRef = 95A42E8525664DC40007810C /* Assets.xcassets */; };
		95A42E8925664DC40007810C /* LaunchScreen.storyboard in Resources */ = {isa = PBXBuildFile; fileRef = 95A42E8725664DC40007810C /* LaunchScreen.storyboard */; };
		95A42E9425664DC40007810C /* BoostPocketTests.swift in Sources */ = {isa = PBXBuildFile; fileRef = 95A42E9325664DC40007810C /* BoostPocketTests.swift */; };
		A99E0613257534F10014C29F /* TitleEditViewController.swift in Sources */ = {isa = PBXBuildFile; fileRef = A99E0612257534F10014C29F /* TitleEditViewController.swift */; };
		A99E062F257762520014C29F /* History+CoreDataClass.swift in Sources */ = {isa = PBXBuildFile; fileRef = A99E062D257762520014C29F /* History+CoreDataClass.swift */; };
		A99E0630257762520014C29F /* History+CoreDataProperties.swift in Sources */ = {isa = PBXBuildFile; fileRef = A99E062E257762520014C29F /* History+CoreDataProperties.swift */; };
		A99E0639257763B90014C29F /* HistoryProvider.swift in Sources */ = {isa = PBXBuildFile; fileRef = A99E0638257763B90014C29F /* HistoryProvider.swift */; };
		A99E0646257766F50014C29F /* HistoryItemViewModel.swift in Sources */ = {isa = PBXBuildFile; fileRef = A99E0645257766F50014C29F /* HistoryItemViewModel.swift */; };
		A99E064C257773430014C29F /* HistoryProviderTests.swift in Sources */ = {isa = PBXBuildFile; fileRef = A99E064B257773430014C29F /* HistoryProviderTests.swift */; };
		A99E065425778B130014C29F /* HistoryViewModelTests.swift in Sources */ = {isa = PBXBuildFile; fileRef = A99E065325778B130014C29F /* HistoryViewModelTests.swift */; };
		A99E06652578D6480014C29F /* HistoryDetailViewController.swift in Sources */ = {isa = PBXBuildFile; fileRef = A99E06642578D6480014C29F /* HistoryDetailViewController.swift */; };
		A99E067A257DFC580014C29F /* String+CurrencySymbol.swift in Sources */ = {isa = PBXBuildFile; fileRef = A99E0679257DFC580014C29F /* String+CurrencySymbol.swift */; };
		A99E0682257E02780014C29F /* Double+NumberFormat.swift in Sources */ = {isa = PBXBuildFile; fileRef = A99E0681257E02780014C29F /* Double+NumberFormat.swift */; };
		A9BF7A37256D496C00496CD8 /* String+firstConsonant.swift in Sources */ = {isa = PBXBuildFile; fileRef = A9BF7A36256D496C00496CD8 /* String+firstConsonant.swift */; };
		A9BF7A50256E293F00496CD8 /* TravelProvider.swift in Sources */ = {isa = PBXBuildFile; fileRef = A9BF7A4F256E293F00496CD8 /* TravelProvider.swift */; };
		A9BF7A71256E2D5900496CD8 /* Travel+CoreDataClass.swift in Sources */ = {isa = PBXBuildFile; fileRef = A9BF7A6F256E2D5900496CD8 /* Travel+CoreDataClass.swift */; };
		A9BF7A72256E2D5900496CD8 /* Travel+CoreDataProperties.swift in Sources */ = {isa = PBXBuildFile; fileRef = A9BF7A70256E2D5900496CD8 /* Travel+CoreDataProperties.swift */; };
		A9BF7A77256E306100496CD8 /* TravelProviderTests.swift in Sources */ = {isa = PBXBuildFile; fileRef = A9BF7A76256E306000496CD8 /* TravelProviderTests.swift */; };
		A9BF7A86256F420D00496CD8 /* TravelCell.swift in Sources */ = {isa = PBXBuildFile; fileRef = A9BF7A84256F420D00496CD8 /* TravelCell.swift */; };
		A9BF7A87256F420D00496CD8 /* TravelCell.xib in Resources */ = {isa = PBXBuildFile; fileRef = A9BF7A85256F420D00496CD8 /* TravelCell.xib */; };
		A9BF7AA5256F9B8800496CD8 /* Date+ConvertToString.swift in Sources */ = {isa = PBXBuildFile; fileRef = A9BF7AA4256F9B8800496CD8 /* Date+ConvertToString.swift */; };
		A9BF7AAB256F9CBF00496CD8 /* PaddedLabel.swift in Sources */ = {isa = PBXBuildFile; fileRef = A9BF7AAA256F9CBF00496CD8 /* PaddedLabel.swift */; };
/* End PBXBuildFile section */

/* Begin PBXContainerItemProxy section */
		9572F987256B54E4003049CB /* PBXContainerItemProxy */ = {
			isa = PBXContainerItemProxy;
			containerPortal = 95A42E6E25664DBE0007810C /* Project object */;
			proxyType = 1;
			remoteGlobalIDString = 9572F97C256B54E4003049CB;
			remoteInfo = NetworkManager;
		};
		9572F989256B54E4003049CB /* PBXContainerItemProxy */ = {
			isa = PBXContainerItemProxy;
			containerPortal = 95A42E6E25664DBE0007810C /* Project object */;
			proxyType = 1;
			remoteGlobalIDString = 95A42E7525664DBE0007810C;
			remoteInfo = BoostPocket;
		};
		9572F990256B54E4003049CB /* PBXContainerItemProxy */ = {
			isa = PBXContainerItemProxy;
			containerPortal = 95A42E6E25664DBE0007810C /* Project object */;
			proxyType = 1;
			remoteGlobalIDString = 9572F97C256B54E4003049CB;
			remoteInfo = NetworkManager;
		};
		95A42E9025664DC40007810C /* PBXContainerItemProxy */ = {
			isa = PBXContainerItemProxy;
			containerPortal = 95A42E6E25664DBE0007810C /* Project object */;
			proxyType = 1;
			remoteGlobalIDString = 95A42E7525664DBE0007810C;
			remoteInfo = BoostPocket;
		};
/* End PBXContainerItemProxy section */

/* Begin PBXCopyFilesBuildPhase section */
		9572F993256B54E4003049CB /* Embed Frameworks */ = {
			isa = PBXCopyFilesBuildPhase;
			buildActionMask = 2147483647;
			dstPath = "";
			dstSubfolderSpec = 10;
			files = (
				9572F994256B54E4003049CB /* NetworkManager.framework in Embed Frameworks */,
			);
			name = "Embed Frameworks";
			runOnlyForDeploymentPostprocessing = 0;
		};
/* End PBXCopyFilesBuildPhase section */

/* Begin PBXFileReference section */
		05B97464333E742D61CD6648 /* Pods_BoostPocket.framework */ = {isa = PBXFileReference; explicitFileType = wrapper.framework; includeInIndex = 0; path = Pods_BoostPocket.framework; sourceTree = BUILT_PRODUCTS_DIR; };
		460E2B0DBA1F49A0D275F156 /* Pods-BoostPocketTests.release.xcconfig */ = {isa = PBXFileReference; includeInIndex = 1; lastKnownFileType = text.xcconfig; name = "Pods-BoostPocketTests.release.xcconfig"; path = "Target Support Files/Pods-BoostPocketTests/Pods-BoostPocketTests.release.xcconfig"; sourceTree = "<group>"; };
		57F756558017352589C6CED3 /* Pods-BoostPocket.release.xcconfig */ = {isa = PBXFileReference; includeInIndex = 1; lastKnownFileType = text.xcconfig; name = "Pods-BoostPocket.release.xcconfig"; path = "Target Support Files/Pods-BoostPocket/Pods-BoostPocket.release.xcconfig"; sourceTree = "<group>"; };
		5C15AB3C2577C32000244C6C /* HistoryCell.swift */ = {isa = PBXFileReference; lastKnownFileType = sourcecode.swift; path = HistoryCell.swift; sourceTree = "<group>"; };
		5C15AB3D2577C32000244C6C /* HistoryCell.xib */ = {isa = PBXFileReference; lastKnownFileType = file.xib; path = HistoryCell.xib; sourceTree = "<group>"; };
		5C15AB432577C96E00244C6C /* HistoryListViewController.swift */ = {isa = PBXFileReference; lastKnownFileType = sourcecode.swift; path = HistoryListViewController.swift; sourceTree = "<group>"; };
		5C15AB482577DED700244C6C /* HistoryHeaderCell.swift */ = {isa = PBXFileReference; lastKnownFileType = sourcecode.swift; path = HistoryHeaderCell.swift; sourceTree = "<group>"; };
		5C15AB4D2577DEE900244C6C /* HistoryHeaderCell.xib */ = {isa = PBXFileReference; lastKnownFileType = file.xib; path = HistoryHeaderCell.xib; sourceTree = "<group>"; };
		5C3DAF2D2566576000178EA0 /* CountryListViewController.swift */ = {isa = PBXFileReference; lastKnownFileType = sourcecode.swift; path = CountryListViewController.swift; sourceTree = "<group>"; };
		5C3DAF2E2566576000178EA0 /* CountryListViewController.xib */ = {isa = PBXFileReference; lastKnownFileType = file.xib; path = CountryListViewController.xib; sourceTree = "<group>"; };
		5C3DAF3325665F0200178EA0 /* CountryCell.swift */ = {isa = PBXFileReference; lastKnownFileType = sourcecode.swift; path = CountryCell.swift; sourceTree = "<group>"; };
		5C3DAF3425665F0200178EA0 /* CountryCell.xib */ = {isa = PBXFileReference; lastKnownFileType = file.xib; path = CountryCell.xib; sourceTree = "<group>"; };
		5C3DAF3925666A8000178EA0 /* TravelDetail.storyboard */ = {isa = PBXFileReference; lastKnownFileType = file.storyboard; path = TravelDetail.storyboard; sourceTree = "<group>"; };
		5C3DAF3D25666B4D00178EA0 /* TravelProfileViewController.swift */ = {isa = PBXFileReference; lastKnownFileType = sourcecode.swift; path = TravelProfileViewController.swift; sourceTree = "<group>"; };
		5C4E1B0B256BD7CD006760EF /* CountryItemViewModel.swift */ = {isa = PBXFileReference; lastKnownFileType = sourcecode.swift; path = CountryItemViewModel.swift; sourceTree = "<group>"; };
		5C77958C257965B400A685FB /* UIStackView+RemoveAll.swift */ = {isa = PBXFileReference; lastKnownFileType = sourcecode.swift; path = "UIStackView+RemoveAll.swift"; sourceTree = "<group>"; };
		5C797491256FD263007CB1ED /* TravelHeaderCell.swift */ = {isa = PBXFileReference; lastKnownFileType = sourcecode.swift; path = TravelHeaderCell.swift; sourceTree = "<group>"; };
		5C797492256FD263007CB1ED /* TravelHeaderCell.xib */ = {isa = PBXFileReference; lastKnownFileType = file.xib; path = TravelHeaderCell.xib; sourceTree = "<group>"; };
		5C7F83622578B40400A58112 /* DayCell.swift */ = {isa = PBXFileReference; lastKnownFileType = sourcecode.swift; path = DayCell.swift; sourceTree = "<group>"; };
		5C7F83672578C77A00A58112 /* Date+PeriodOfDates.swift */ = {isa = PBXFileReference; lastKnownFileType = sourcecode.swift; path = "Date+PeriodOfDates.swift"; sourceTree = "<group>"; };
		5C7F8372257902A000A58112 /* HistoryListSectionHeader.swift */ = {isa = PBXFileReference; lastKnownFileType = sourcecode.swift; path = HistoryListSectionHeader.swift; sourceTree = "<group>"; };
		5C815CC4257E2FB700D9EDF4 /* TotalAmountView.swift */ = {isa = PBXFileReference; lastKnownFileType = sourcecode.swift; path = TotalAmountView.swift; sourceTree = "<group>"; };
		5C89619D256E917300575677 /* TravelStub.swift */ = {isa = PBXFileReference; lastKnownFileType = sourcecode.swift; name = TravelStub.swift; path = BoostPocketTests/TravelTests/TravelStub.swift; sourceTree = SOURCE_ROOT; };
		5C8C9195256E8436008C3919 /* TravelItemViewModel.swift */ = {isa = PBXFileReference; lastKnownFileType = sourcecode.swift; path = TravelItemViewModel.swift; sourceTree = "<group>"; };
		5C8C91AC256E8F0F008C3919 /* TravelViewModelTests.swift */ = {isa = PBXFileReference; lastKnownFileType = sourcecode.swift; name = TravelViewModelTests.swift; path = BoostPocketTests/TravelTests/TravelViewModelTests.swift; sourceTree = SOURCE_ROOT; };
		5C96E8E1256BDA4200246590 /* CountryViewModelTests.swift */ = {isa = PBXFileReference; lastKnownFileType = sourcecode.swift; path = CountryViewModelTests.swift; sourceTree = "<group>"; };
		5CAE96652577FC6300FD7F05 /* Double+Comma.swift */ = {isa = PBXFileReference; lastKnownFileType = sourcecode.swift; path = "Double+Comma.swift"; sourceTree = "<group>"; };
		5CB682E4256C03F800830373 /* CountryListViewModel.swift */ = {isa = PBXFileReference; fileEncoding = 4; lastKnownFileType = sourcecode.swift; path = CountryListViewModel.swift; sourceTree = "<group>"; };
		5CCB1264257DFF1D00C6788E /* HistoryItemViewModelStub.swift */ = {isa = PBXFileReference; lastKnownFileType = sourcecode.swift; path = HistoryItemViewModelStub.swift; sourceTree = "<group>"; };
		5CD9A894257DCA2300A7AEFF /* HistoryFilter.swift */ = {isa = PBXFileReference; lastKnownFileType = sourcecode.swift; path = HistoryFilter.swift; sourceTree = "<group>"; };
		5CD9A899257DCD6C00A7AEFF /* HistoryFilterTests.swift */ = {isa = PBXFileReference; lastKnownFileType = sourcecode.swift; path = HistoryFilterTests.swift; sourceTree = "<group>"; };
		5CF409472575239200351F4B /* MemoEditViewController.swift */ = {isa = PBXFileReference; lastKnownFileType = sourcecode.swift; path = MemoEditViewController.swift; sourceTree = "<group>"; };
		81FEEDDEA3FA0D3B4F97EE2F /* Pods_BoostPocketTests.framework */ = {isa = PBXFileReference; explicitFileType = wrapper.framework; includeInIndex = 0; path = Pods_BoostPocketTests.framework; sourceTree = BUILT_PRODUCTS_DIR; };
		9381276269F50AEF5C02E72C /* Pods-BoostPocket.debug.xcconfig */ = {isa = PBXFileReference; includeInIndex = 1; lastKnownFileType = text.xcconfig; name = "Pods-BoostPocket.debug.xcconfig"; path = "Target Support Files/Pods-BoostPocket/Pods-BoostPocket.debug.xcconfig"; sourceTree = "<group>"; };
		954D2CDB257E2F4800ECE9D9 /* CategoryCollectionViewCell.swift */ = {isa = PBXFileReference; lastKnownFileType = sourcecode.swift; path = CategoryCollectionViewCell.swift; sourceTree = "<group>"; };
		954D2CDC257E2F4800ECE9D9 /* CategoryCollectionViewCell.xib */ = {isa = PBXFileReference; lastKnownFileType = file.xib; path = CategoryCollectionViewCell.xib; sourceTree = "<group>"; };
		954F7018256D1C4B00B2E48B /* TravelListViewModel.swift */ = {isa = PBXFileReference; lastKnownFileType = sourcecode.swift; path = TravelListViewModel.swift; sourceTree = "<group>"; };
		954F701A256D3E7700B2E48B /* Sections.swift */ = {isa = PBXFileReference; lastKnownFileType = sourcecode.swift; path = Sections.swift; sourceTree = "<group>"; };
		955555A8257E18A200CA81C9 /* Country+CoreDataClass.swift */ = {isa = PBXFileReference; lastKnownFileType = sourcecode.swift; name = "Country+CoreDataClass.swift"; path = "BoostPocket/CoreDataModels/Country+CoreDataClass.swift"; sourceTree = SOURCE_ROOT; };
		955555A9257E18A200CA81C9 /* Country+CoreDataProperties.swift */ = {isa = PBXFileReference; lastKnownFileType = sourcecode.swift; name = "Country+CoreDataProperties.swift"; path = "BoostPocket/CoreDataModels/Country+CoreDataProperties.swift"; sourceTree = SOURCE_ROOT; };
		9564EE99257BBE3F00AD85AC /* Character+isOperation.swift */ = {isa = PBXFileReference; lastKnownFileType = sourcecode.swift; path = "Character+isOperation.swift"; sourceTree = "<group>"; };
		956BBC57256B9CCC007803B1 /* CountryStub.swift */ = {isa = PBXFileReference; lastKnownFileType = sourcecode.swift; path = CountryStub.swift; sourceTree = "<group>"; };
		9572F976256B5397003049CB /* .swiftlint.yml */ = {isa = PBXFileReference; lastKnownFileType = text.yaml; path = .swiftlint.yml; sourceTree = "<group>"; };
		9572F97D256B54E4003049CB /* NetworkManager.framework */ = {isa = PBXFileReference; explicitFileType = wrapper.framework; includeInIndex = 0; path = NetworkManager.framework; sourceTree = BUILT_PRODUCTS_DIR; };
		9572F97F256B54E4003049CB /* NetworkManager.h */ = {isa = PBXFileReference; lastKnownFileType = sourcecode.c.h; path = NetworkManager.h; sourceTree = "<group>"; };
		9572F980256B54E4003049CB /* Info.plist */ = {isa = PBXFileReference; lastKnownFileType = text.plist.xml; path = Info.plist; sourceTree = "<group>"; };
		9572F985256B54E4003049CB /* NetworkManagerTests.xctest */ = {isa = PBXFileReference; explicitFileType = wrapper.cfbundle; includeInIndex = 0; path = NetworkManagerTests.xctest; sourceTree = BUILT_PRODUCTS_DIR; };
		9572F98C256B54E4003049CB /* NetworkManagerTests.swift */ = {isa = PBXFileReference; lastKnownFileType = sourcecode.swift; path = NetworkManagerTests.swift; sourceTree = "<group>"; };
		9572F98E256B54E4003049CB /* Info.plist */ = {isa = PBXFileReference; lastKnownFileType = text.plist.xml; path = Info.plist; sourceTree = "<group>"; };
		9572F99B256B552E003049CB /* DataLoader.swift */ = {isa = PBXFileReference; lastKnownFileType = sourcecode.swift; path = DataLoader.swift; sourceTree = "<group>"; };
		9572F9A8256B902C003049CB /* PersistenceManager.swift */ = {isa = PBXFileReference; lastKnownFileType = sourcecode.swift; path = PersistenceManager.swift; sourceTree = "<group>"; };
		9572F9AD256B9524003049CB /* CountryProvider.swift */ = {isa = PBXFileReference; lastKnownFileType = sourcecode.swift; path = CountryProvider.swift; sourceTree = "<group>"; };
		9572F9AF256B9703003049CB /* CountryProviderTests.swift */ = {isa = PBXFileReference; lastKnownFileType = sourcecode.swift; path = CountryProviderTests.swift; sourceTree = "<group>"; };
		9572F9B2256B974C003049CB /* PersistenceManagerStub.swift */ = {isa = PBXFileReference; lastKnownFileType = sourcecode.swift; path = PersistenceManagerStub.swift; sourceTree = "<group>"; };
		95747A66256FAF6B0065C419 /* TravelDetailTabbarController.swift */ = {isa = PBXFileReference; lastKnownFileType = sourcecode.swift; path = TravelDetailTabbarController.swift; sourceTree = "<group>"; };
		95747A68256FCEEA0065C419 /* Data+ImageData.swift */ = {isa = PBXFileReference; lastKnownFileType = sourcecode.swift; path = "Data+ImageData.swift"; sourceTree = "<group>"; };
		9574ACCE2578B4C10072C578 /* AddHistoryViewController.swift */ = {isa = PBXFileReference; lastKnownFileType = sourcecode.swift; path = AddHistoryViewController.swift; sourceTree = "<group>"; };
		9574ACCF2578B4C10072C578 /* AddHistoryViewController.xib */ = {isa = PBXFileReference; lastKnownFileType = file.xib; path = AddHistoryViewController.xib; sourceTree = "<group>"; };
		9579CBB6256E46A900E74A61 /* DataModelInfo.swift */ = {isa = PBXFileReference; lastKnownFileType = sourcecode.swift; path = DataModelInfo.swift; sourceTree = "<group>"; };
		9581C708256E34AC006ABA8E /* PersistenceManagerTests.swift */ = {isa = PBXFileReference; lastKnownFileType = sourcecode.swift; path = PersistenceManagerTests.swift; sourceTree = "<group>"; };
		95A42E7625664DBE0007810C /* BoostPocket.app */ = {isa = PBXFileReference; explicitFileType = wrapper.application; includeInIndex = 0; path = BoostPocket.app; sourceTree = BUILT_PRODUCTS_DIR; };
		95A42E7925664DBE0007810C /* AppDelegate.swift */ = {isa = PBXFileReference; lastKnownFileType = sourcecode.swift; path = AppDelegate.swift; sourceTree = "<group>"; };
		95A42E7B25664DBE0007810C /* SceneDelegate.swift */ = {isa = PBXFileReference; lastKnownFileType = sourcecode.swift; path = SceneDelegate.swift; sourceTree = "<group>"; };
		95A42E7D25664DBE0007810C /* TravelListViewController.swift */ = {isa = PBXFileReference; lastKnownFileType = sourcecode.swift; path = TravelListViewController.swift; sourceTree = "<group>"; };
		95A42E8025664DBE0007810C /* Base */ = {isa = PBXFileReference; lastKnownFileType = file.storyboard; name = Base; path = Base.lproj/Main.storyboard; sourceTree = "<group>"; };
		95A42E8325664DBE0007810C /* BoostPocket.xcdatamodel */ = {isa = PBXFileReference; lastKnownFileType = wrapper.xcdatamodel; path = BoostPocket.xcdatamodel; sourceTree = "<group>"; };
		95A42E8525664DC40007810C /* Assets.xcassets */ = {isa = PBXFileReference; lastKnownFileType = folder.assetcatalog; path = Assets.xcassets; sourceTree = "<group>"; };
		95A42E8825664DC40007810C /* Base */ = {isa = PBXFileReference; lastKnownFileType = file.storyboard; name = Base; path = Base.lproj/LaunchScreen.storyboard; sourceTree = "<group>"; };
		95A42E8A25664DC40007810C /* Info.plist */ = {isa = PBXFileReference; lastKnownFileType = text.plist.xml; path = Info.plist; sourceTree = "<group>"; };
		95A42E8F25664DC40007810C /* BoostPocketTests.xctest */ = {isa = PBXFileReference; explicitFileType = wrapper.cfbundle; includeInIndex = 0; path = BoostPocketTests.xctest; sourceTree = BUILT_PRODUCTS_DIR; };
		95A42E9325664DC40007810C /* BoostPocketTests.swift */ = {isa = PBXFileReference; lastKnownFileType = sourcecode.swift; path = BoostPocketTests.swift; sourceTree = "<group>"; };
		95A42E9525664DC40007810C /* Info.plist */ = {isa = PBXFileReference; lastKnownFileType = text.plist.xml; path = Info.plist; sourceTree = "<group>"; };
		A99E0612257534F10014C29F /* TitleEditViewController.swift */ = {isa = PBXFileReference; lastKnownFileType = sourcecode.swift; path = TitleEditViewController.swift; sourceTree = "<group>"; };
		A99E062D257762520014C29F /* History+CoreDataClass.swift */ = {isa = PBXFileReference; lastKnownFileType = sourcecode.swift; path = "History+CoreDataClass.swift"; sourceTree = "<group>"; };
		A99E062E257762520014C29F /* History+CoreDataProperties.swift */ = {isa = PBXFileReference; lastKnownFileType = sourcecode.swift; path = "History+CoreDataProperties.swift"; sourceTree = "<group>"; };
		A99E0638257763B90014C29F /* HistoryProvider.swift */ = {isa = PBXFileReference; lastKnownFileType = sourcecode.swift; path = HistoryProvider.swift; sourceTree = "<group>"; };
		A99E0645257766F50014C29F /* HistoryItemViewModel.swift */ = {isa = PBXFileReference; lastKnownFileType = sourcecode.swift; path = HistoryItemViewModel.swift; sourceTree = "<group>"; };
		A99E064B257773430014C29F /* HistoryProviderTests.swift */ = {isa = PBXFileReference; lastKnownFileType = sourcecode.swift; path = HistoryProviderTests.swift; sourceTree = "<group>"; };
		A99E065325778B130014C29F /* HistoryViewModelTests.swift */ = {isa = PBXFileReference; lastKnownFileType = sourcecode.swift; path = HistoryViewModelTests.swift; sourceTree = "<group>"; };
		A99E06642578D6480014C29F /* HistoryDetailViewController.swift */ = {isa = PBXFileReference; lastKnownFileType = sourcecode.swift; path = HistoryDetailViewController.swift; sourceTree = "<group>"; };
		A99E0679257DFC580014C29F /* String+CurrencySymbol.swift */ = {isa = PBXFileReference; lastKnownFileType = sourcecode.swift; path = "String+CurrencySymbol.swift"; sourceTree = "<group>"; };
		A99E0681257E02780014C29F /* Double+NumberFormat.swift */ = {isa = PBXFileReference; lastKnownFileType = sourcecode.swift; path = "Double+NumberFormat.swift"; sourceTree = "<group>"; };
		A9BF7A36256D496C00496CD8 /* String+firstConsonant.swift */ = {isa = PBXFileReference; lastKnownFileType = sourcecode.swift; path = "String+firstConsonant.swift"; sourceTree = "<group>"; };
		A9BF7A4F256E293F00496CD8 /* TravelProvider.swift */ = {isa = PBXFileReference; lastKnownFileType = sourcecode.swift; path = TravelProvider.swift; sourceTree = "<group>"; };
		A9BF7A6F256E2D5900496CD8 /* Travel+CoreDataClass.swift */ = {isa = PBXFileReference; lastKnownFileType = sourcecode.swift; name = "Travel+CoreDataClass.swift"; path = "BoostPocket/CoreDataModels/Travel+CoreDataClass.swift"; sourceTree = SOURCE_ROOT; };
		A9BF7A70256E2D5900496CD8 /* Travel+CoreDataProperties.swift */ = {isa = PBXFileReference; lastKnownFileType = sourcecode.swift; name = "Travel+CoreDataProperties.swift"; path = "BoostPocket/CoreDataModels/Travel+CoreDataProperties.swift"; sourceTree = SOURCE_ROOT; };
		A9BF7A76256E306000496CD8 /* TravelProviderTests.swift */ = {isa = PBXFileReference; lastKnownFileType = sourcecode.swift; name = TravelProviderTests.swift; path = BoostPocketTests/TravelTests/TravelProviderTests.swift; sourceTree = SOURCE_ROOT; };
		A9BF7A84256F420D00496CD8 /* TravelCell.swift */ = {isa = PBXFileReference; lastKnownFileType = sourcecode.swift; path = TravelCell.swift; sourceTree = "<group>"; };
		A9BF7A85256F420D00496CD8 /* TravelCell.xib */ = {isa = PBXFileReference; lastKnownFileType = file.xib; path = TravelCell.xib; sourceTree = "<group>"; };
		A9BF7AA4256F9B8800496CD8 /* Date+ConvertToString.swift */ = {isa = PBXFileReference; lastKnownFileType = sourcecode.swift; path = "Date+ConvertToString.swift"; sourceTree = "<group>"; };
		A9BF7AAA256F9CBF00496CD8 /* PaddedLabel.swift */ = {isa = PBXFileReference; lastKnownFileType = sourcecode.swift; path = PaddedLabel.swift; sourceTree = "<group>"; };
		E2D16BE855D0105455137550 /* Pods-BoostPocketTests.debug.xcconfig */ = {isa = PBXFileReference; includeInIndex = 1; lastKnownFileType = text.xcconfig; name = "Pods-BoostPocketTests.debug.xcconfig"; path = "Target Support Files/Pods-BoostPocketTests/Pods-BoostPocketTests.debug.xcconfig"; sourceTree = "<group>"; };
/* End PBXFileReference section */

/* Begin PBXFrameworksBuildPhase section */
		9572F97A256B54E4003049CB /* Frameworks */ = {
			isa = PBXFrameworksBuildPhase;
			buildActionMask = 2147483647;
			files = (
			);
			runOnlyForDeploymentPostprocessing = 0;
		};
		9572F982256B54E4003049CB /* Frameworks */ = {
			isa = PBXFrameworksBuildPhase;
			buildActionMask = 2147483647;
			files = (
				9572F986256B54E4003049CB /* NetworkManager.framework in Frameworks */,
			);
			runOnlyForDeploymentPostprocessing = 0;
		};
		95A42E7325664DBE0007810C /* Frameworks */ = {
			isa = PBXFrameworksBuildPhase;
			buildActionMask = 2147483647;
			files = (
				3725D4AFE6D2AE5B6A21D483 /* Pods_BoostPocket.framework in Frameworks */,
				9572F992256B54E4003049CB /* NetworkManager.framework in Frameworks */,
			);
			runOnlyForDeploymentPostprocessing = 0;
		};
		95A42E8C25664DC40007810C /* Frameworks */ = {
			isa = PBXFrameworksBuildPhase;
			buildActionMask = 2147483647;
			files = (
				470EEBDB802C6552ECB4E189 /* Pods_BoostPocketTests.framework in Frameworks */,
			);
			runOnlyForDeploymentPostprocessing = 0;
		};
/* End PBXFrameworksBuildPhase section */

/* Begin PBXGroup section */
		412BCF7739918A83178FE6E3 /* Frameworks */ = {
			isa = PBXGroup;
			children = (
				05B97464333E742D61CD6648 /* Pods_BoostPocket.framework */,
				81FEEDDEA3FA0D3B4F97EE2F /* Pods_BoostPocketTests.framework */,
			);
			name = Frameworks;
			sourceTree = "<group>";
		};
		9572F97E256B54E4003049CB /* NetworkManager */ = {
			isa = PBXGroup;
			children = (
				9572F97F256B54E4003049CB /* NetworkManager.h */,
				9572F980256B54E4003049CB /* Info.plist */,
				9572F99B256B552E003049CB /* DataLoader.swift */,
			);
			path = NetworkManager;
			sourceTree = "<group>";
		};
		9572F98B256B54E4003049CB /* NetworkManagerTests */ = {
			isa = PBXGroup;
			children = (
				9572F98C256B54E4003049CB /* NetworkManagerTests.swift */,
				9572F98E256B54E4003049CB /* Info.plist */,
			);
			path = NetworkManagerTests;
			sourceTree = "<group>";
		};
		9572F99E256B8F42003049CB /* CoreDataModels */ = {
			isa = PBXGroup;
			children = (
				955555A8257E18A200CA81C9 /* Country+CoreDataClass.swift */,
				955555A9257E18A200CA81C9 /* Country+CoreDataProperties.swift */,
				A99E062D257762520014C29F /* History+CoreDataClass.swift */,
				A99E062E257762520014C29F /* History+CoreDataProperties.swift */,
				A9BF7A6F256E2D5900496CD8 /* Travel+CoreDataClass.swift */,
				A9BF7A70256E2D5900496CD8 /* Travel+CoreDataProperties.swift */,
			);
			path = CoreDataModels;
			sourceTree = "<group>";
		};
		9572F9AA256B947D003049CB /* TravelListScene */ = {
			isa = PBXGroup;
			children = (
				A980ADC6257095E60001F5DC /* View */,
				A9BF7A4F256E293F00496CD8 /* TravelProvider.swift */,
				954F7018256D1C4B00B2E48B /* TravelListViewModel.swift */,
				5C8C9195256E8436008C3919 /* TravelItemViewModel.swift */,
			);
			path = TravelListScene;
			sourceTree = "<group>";
		};
		9572F9AB256B949C003049CB /* CountryListScene */ = {
			isa = PBXGroup;
			children = (
				A980ADC5257095D70001F5DC /* View */,
				9572F9AD256B9524003049CB /* CountryProvider.swift */,
				5C4E1B0B256BD7CD006760EF /* CountryItemViewModel.swift */,
				5CB682E4256C03F800830373 /* CountryListViewModel.swift */,
			);
			path = CountryListScene;
			sourceTree = "<group>";
		};
		9572F9AC256B94F8003049CB /* TravelDetailScene */ = {
			isa = PBXGroup;
			children = (
				5C3DAF3925666A8000178EA0 /* TravelDetail.storyboard */,
				5C3DAF3D25666B4D00178EA0 /* TravelProfileViewController.swift */,
				95747A66256FAF6B0065C419 /* TravelDetailTabbarController.swift */,
				5CF409472575239200351F4B /* MemoEditViewController.swift */,
				A99E0612257534F10014C29F /* TitleEditViewController.swift */,
				A99E0638257763B90014C29F /* HistoryProvider.swift */,
				A99E0645257766F50014C29F /* HistoryItemViewModel.swift */,
				5C15AB3C2577C32000244C6C /* HistoryCell.swift */,
				5C15AB3D2577C32000244C6C /* HistoryCell.xib */,
				5C15AB432577C96E00244C6C /* HistoryListViewController.swift */,
				5C15AB482577DED700244C6C /* HistoryHeaderCell.swift */,
				5C15AB4D2577DEE900244C6C /* HistoryHeaderCell.xib */,
				5C7F83622578B40400A58112 /* DayCell.swift */,
				954D2CDB257E2F4800ECE9D9 /* CategoryCollectionViewCell.swift */,
				954D2CDC257E2F4800ECE9D9 /* CategoryCollectionViewCell.xib */,
				9574ACCE2578B4C10072C578 /* AddHistoryViewController.swift */,
				9574ACCF2578B4C10072C578 /* AddHistoryViewController.xib */,
				5C7F8372257902A000A58112 /* HistoryListSectionHeader.swift */,
				A99E06642578D6480014C29F /* HistoryDetailViewController.swift */,
				5CD9A894257DCA2300A7AEFF /* HistoryFilter.swift */,
				5C815CC4257E2FB700D9EDF4 /* TotalAmountView.swift */,
			);
			path = TravelDetailScene;
			sourceTree = "<group>";
		};
		9581C707256E348A006ABA8E /* PersistenceManagerTests */ = {
			isa = PBXGroup;
			children = (
				9572F9B2256B974C003049CB /* PersistenceManagerStub.swift */,
				9581C708256E34AC006ABA8E /* PersistenceManagerTests.swift */,
			);
			path = PersistenceManagerTests;
			sourceTree = "<group>";
		};
		95A42E6D25664DBE0007810C = {
			isa = PBXGroup;
			children = (
				9572F976256B5397003049CB /* .swiftlint.yml */,
				95A42E7825664DBE0007810C /* BoostPocket */,
				95A42E9225664DC40007810C /* BoostPocketTests */,
				9572F97E256B54E4003049CB /* NetworkManager */,
				9572F98B256B54E4003049CB /* NetworkManagerTests */,
				95A42E7725664DBE0007810C /* Products */,
				975CDBB5924A01ABC7FC0012 /* Pods */,
				412BCF7739918A83178FE6E3 /* Frameworks */,
			);
			sourceTree = "<group>";
		};
		95A42E7725664DBE0007810C /* Products */ = {
			isa = PBXGroup;
			children = (
				95A42E7625664DBE0007810C /* BoostPocket.app */,
				95A42E8F25664DC40007810C /* BoostPocketTests.xctest */,
				9572F97D256B54E4003049CB /* NetworkManager.framework */,
				9572F985256B54E4003049CB /* NetworkManagerTests.xctest */,
			);
			name = Products;
			sourceTree = "<group>";
		};
		95A42E7825664DBE0007810C /* BoostPocket */ = {
			isa = PBXGroup;
			children = (
				A980ADC3257095A80001F5DC /* Constants */,
				A9BF7AA9256F9C9700496CD8 /* CustomView */,
				A9BF7A35256D496300496CD8 /* Extensions */,
				95A42E7925664DBE0007810C /* AppDelegate.swift */,
				95A42E7B25664DBE0007810C /* SceneDelegate.swift */,
				9572F9AC256B94F8003049CB /* TravelDetailScene */,
				9572F9AB256B949C003049CB /* CountryListScene */,
				9572F9AA256B947D003049CB /* TravelListScene */,
				9572F99E256B8F42003049CB /* CoreDataModels */,
				A980ADC4257095B90001F5DC /* Models */,
				95A42E7F25664DBE0007810C /* Main.storyboard */,
				95A42E8525664DC40007810C /* Assets.xcassets */,
				95A42E8725664DC40007810C /* LaunchScreen.storyboard */,
				95A42E8A25664DC40007810C /* Info.plist */,
				95A42E8225664DBE0007810C /* BoostPocket.xcdatamodeld */,
			);
			path = BoostPocket;
			sourceTree = "<group>";
		};
		95A42E9225664DC40007810C /* BoostPocketTests */ = {
			isa = PBXGroup;
			children = (
				95A42E9325664DC40007810C /* BoostPocketTests.swift */,
				9581C707256E348A006ABA8E /* PersistenceManagerTests */,
				A99E064A257773200014C29F /* HistoryTests */,
				95B907A5256D606F009C2B27 /* TravelTests */,
				95B907A4256D6060009C2B27 /* CountryTests */,
				95A42E9525664DC40007810C /* Info.plist */,
			);
			path = BoostPocketTests;
			sourceTree = "<group>";
		};
		95B907A4256D6060009C2B27 /* CountryTests */ = {
			isa = PBXGroup;
			children = (
				9572F9AF256B9703003049CB /* CountryProviderTests.swift */,
				5C96E8E1256BDA4200246590 /* CountryViewModelTests.swift */,
				956BBC57256B9CCC007803B1 /* CountryStub.swift */,
			);
			path = CountryTests;
			sourceTree = "<group>";
		};
		95B907A5256D606F009C2B27 /* TravelTests */ = {
			isa = PBXGroup;
			children = (
				A9BF7A76256E306000496CD8 /* TravelProviderTests.swift */,
				5C8C91AC256E8F0F008C3919 /* TravelViewModelTests.swift */,
				5C89619D256E917300575677 /* TravelStub.swift */,
			);
			path = TravelTests;
			sourceTree = "<group>";
		};
		975CDBB5924A01ABC7FC0012 /* Pods */ = {
			isa = PBXGroup;
			children = (
				9381276269F50AEF5C02E72C /* Pods-BoostPocket.debug.xcconfig */,
				57F756558017352589C6CED3 /* Pods-BoostPocket.release.xcconfig */,
				E2D16BE855D0105455137550 /* Pods-BoostPocketTests.debug.xcconfig */,
				460E2B0DBA1F49A0D275F156 /* Pods-BoostPocketTests.release.xcconfig */,
			);
			path = Pods;
			sourceTree = "<group>";
		};
		A980ADC3257095A80001F5DC /* Constants */ = {
			isa = PBXGroup;
			children = (
				954F701A256D3E7700B2E48B /* Sections.swift */,
			);
			path = Constants;
			sourceTree = "<group>";
		};
		A980ADC4257095B90001F5DC /* Models */ = {
			isa = PBXGroup;
			children = (
				9572F9A8256B902C003049CB /* PersistenceManager.swift */,
				9579CBB6256E46A900E74A61 /* DataModelInfo.swift */,
			);
			path = Models;
			sourceTree = "<group>";
		};
		A980ADC5257095D70001F5DC /* View */ = {
			isa = PBXGroup;
			children = (
				5C3DAF2D2566576000178EA0 /* CountryListViewController.swift */,
				5C3DAF2E2566576000178EA0 /* CountryListViewController.xib */,
				5C3DAF3325665F0200178EA0 /* CountryCell.swift */,
				5C3DAF3425665F0200178EA0 /* CountryCell.xib */,
			);
			path = View;
			sourceTree = "<group>";
		};
		A980ADC6257095E60001F5DC /* View */ = {
			isa = PBXGroup;
			children = (
				95A42E7D25664DBE0007810C /* TravelListViewController.swift */,
				A9BF7A84256F420D00496CD8 /* TravelCell.swift */,
				A9BF7A85256F420D00496CD8 /* TravelCell.xib */,
				5C797491256FD263007CB1ED /* TravelHeaderCell.swift */,
				5C797492256FD263007CB1ED /* TravelHeaderCell.xib */,
			);
			path = View;
			sourceTree = "<group>";
		};
		A99E064A257773200014C29F /* HistoryTests */ = {
			isa = PBXGroup;
			children = (
				A99E064B257773430014C29F /* HistoryProviderTests.swift */,
				A99E065325778B130014C29F /* HistoryViewModelTests.swift */,
				5CD9A899257DCD6C00A7AEFF /* HistoryFilterTests.swift */,
				5CCB1264257DFF1D00C6788E /* HistoryItemViewModelStub.swift */,
			);
			path = HistoryTests;
			sourceTree = "<group>";
		};
		A9BF7A35256D496300496CD8 /* Extensions */ = {
			isa = PBXGroup;
			children = (
				A9BF7A36256D496C00496CD8 /* String+firstConsonant.swift */,
				9564EE99257BBE3F00AD85AC /* Character+isOperation.swift */,
				95747A68256FCEEA0065C419 /* Data+ImageData.swift */,
				A9BF7AA4256F9B8800496CD8 /* Date+ConvertToString.swift */,
				5CAE96652577FC6300FD7F05 /* Double+Comma.swift */,
				5C7F83672578C77A00A58112 /* Date+PeriodOfDates.swift */,
				5C77958C257965B400A685FB /* UIStackView+RemoveAll.swift */,
				A99E0679257DFC580014C29F /* String+CurrencySymbol.swift */,
				A99E0681257E02780014C29F /* Double+NumberFormat.swift */,
			);
			path = Extensions;
			sourceTree = "<group>";
		};
		A9BF7AA9256F9C9700496CD8 /* CustomView */ = {
			isa = PBXGroup;
			children = (
				A9BF7AAA256F9CBF00496CD8 /* PaddedLabel.swift */,
			);
			path = CustomView;
			sourceTree = "<group>";
		};
/* End PBXGroup section */

/* Begin PBXHeadersBuildPhase section */
		9572F978256B54E4003049CB /* Headers */ = {
			isa = PBXHeadersBuildPhase;
			buildActionMask = 2147483647;
			files = (
				9572F98F256B54E4003049CB /* NetworkManager.h in Headers */,
			);
			runOnlyForDeploymentPostprocessing = 0;
		};
/* End PBXHeadersBuildPhase section */

/* Begin PBXNativeTarget section */
		9572F97C256B54E4003049CB /* NetworkManager */ = {
			isa = PBXNativeTarget;
			buildConfigurationList = 9572F999256B54E4003049CB /* Build configuration list for PBXNativeTarget "NetworkManager" */;
			buildPhases = (
				9572F978256B54E4003049CB /* Headers */,
				9572F979256B54E4003049CB /* Sources */,
				9572F97A256B54E4003049CB /* Frameworks */,
				9572F97B256B54E4003049CB /* Resources */,
			);
			buildRules = (
			);
			dependencies = (
			);
			name = NetworkManager;
			productName = NetworkManager;
			productReference = 9572F97D256B54E4003049CB /* NetworkManager.framework */;
			productType = "com.apple.product-type.framework";
		};
		9572F984256B54E4003049CB /* NetworkManagerTests */ = {
			isa = PBXNativeTarget;
			buildConfigurationList = 9572F99A256B54E4003049CB /* Build configuration list for PBXNativeTarget "NetworkManagerTests" */;
			buildPhases = (
				9572F981256B54E4003049CB /* Sources */,
				9572F982256B54E4003049CB /* Frameworks */,
				9572F983256B54E4003049CB /* Resources */,
			);
			buildRules = (
			);
			dependencies = (
				9572F988256B54E4003049CB /* PBXTargetDependency */,
				9572F98A256B54E4003049CB /* PBXTargetDependency */,
			);
			name = NetworkManagerTests;
			productName = NetworkManagerTests;
			productReference = 9572F985256B54E4003049CB /* NetworkManagerTests.xctest */;
			productType = "com.apple.product-type.bundle.unit-test";
		};
		95A42E7525664DBE0007810C /* BoostPocket */ = {
			isa = PBXNativeTarget;
			buildConfigurationList = 95A42E9825664DC40007810C /* Build configuration list for PBXNativeTarget "BoostPocket" */;
			buildPhases = (
				B55ECE59FADBC4DD39B5B4A0 /* [CP] Check Pods Manifest.lock */,
				95A42E7225664DBE0007810C /* Sources */,
				95A42E7325664DBE0007810C /* Frameworks */,
				95A42E7425664DBE0007810C /* Resources */,
				9572F975256B5326003049CB /* ShellScript */,
				AEF4ECA62A7CFEDFFDC5ACCA /* [CP] Embed Pods Frameworks */,
				9572F993256B54E4003049CB /* Embed Frameworks */,
			);
			buildRules = (
			);
			dependencies = (
				9572F991256B54E4003049CB /* PBXTargetDependency */,
			);
			name = BoostPocket;
			productName = BoostPocket;
			productReference = 95A42E7625664DBE0007810C /* BoostPocket.app */;
			productType = "com.apple.product-type.application";
		};
		95A42E8E25664DC40007810C /* BoostPocketTests */ = {
			isa = PBXNativeTarget;
			buildConfigurationList = 95A42E9B25664DC40007810C /* Build configuration list for PBXNativeTarget "BoostPocketTests" */;
			buildPhases = (
				863277859F00183827011288 /* [CP] Check Pods Manifest.lock */,
				95A42E8B25664DC40007810C /* Sources */,
				95A42E8C25664DC40007810C /* Frameworks */,
				95A42E8D25664DC40007810C /* Resources */,
			);
			buildRules = (
			);
			dependencies = (
				95A42E9125664DC40007810C /* PBXTargetDependency */,
			);
			name = BoostPocketTests;
			productName = BoostPocketTests;
			productReference = 95A42E8F25664DC40007810C /* BoostPocketTests.xctest */;
			productType = "com.apple.product-type.bundle.unit-test";
		};
/* End PBXNativeTarget section */

/* Begin PBXProject section */
		95A42E6E25664DBE0007810C /* Project object */ = {
			isa = PBXProject;
			attributes = {
				LastSwiftUpdateCheck = 1160;
				LastUpgradeCheck = 1160;
				ORGANIZATIONNAME = BoostPocket;
				TargetAttributes = {
					9572F97C256B54E4003049CB = {
						CreatedOnToolsVersion = 11.6;
						LastSwiftMigration = 1160;
					};
					9572F984256B54E4003049CB = {
						CreatedOnToolsVersion = 11.6;
						TestTargetID = 95A42E7525664DBE0007810C;
					};
					95A42E7525664DBE0007810C = {
						CreatedOnToolsVersion = 11.6;
					};
					95A42E8E25664DC40007810C = {
						CreatedOnToolsVersion = 11.6;
						TestTargetID = 95A42E7525664DBE0007810C;
					};
				};
			};
			buildConfigurationList = 95A42E7125664DBE0007810C /* Build configuration list for PBXProject "BoostPocket" */;
			compatibilityVersion = "Xcode 9.3";
			developmentRegion = en;
			hasScannedForEncodings = 0;
			knownRegions = (
				en,
				Base,
			);
			mainGroup = 95A42E6D25664DBE0007810C;
			productRefGroup = 95A42E7725664DBE0007810C /* Products */;
			projectDirPath = "";
			projectRoot = "";
			targets = (
				95A42E7525664DBE0007810C /* BoostPocket */,
				95A42E8E25664DC40007810C /* BoostPocketTests */,
				9572F97C256B54E4003049CB /* NetworkManager */,
				9572F984256B54E4003049CB /* NetworkManagerTests */,
			);
		};
/* End PBXProject section */

/* Begin PBXResourcesBuildPhase section */
		9572F97B256B54E4003049CB /* Resources */ = {
			isa = PBXResourcesBuildPhase;
			buildActionMask = 2147483647;
			files = (
			);
			runOnlyForDeploymentPostprocessing = 0;
		};
		9572F983256B54E4003049CB /* Resources */ = {
			isa = PBXResourcesBuildPhase;
			buildActionMask = 2147483647;
			files = (
			);
			runOnlyForDeploymentPostprocessing = 0;
		};
		95A42E7425664DBE0007810C /* Resources */ = {
			isa = PBXResourcesBuildPhase;
			buildActionMask = 2147483647;
			files = (
				5C15AB4E2577DEE900244C6C /* HistoryHeaderCell.xib in Resources */,
				5C15AB3F2577C32000244C6C /* HistoryCell.xib in Resources */,
				5C3DAF3625665F0200178EA0 /* CountryCell.xib in Resources */,
				9574ACD12578B4C10072C578 /* AddHistoryViewController.xib in Resources */,
				95A42E8925664DC40007810C /* LaunchScreen.storyboard in Resources */,
				5C797494256FD263007CB1ED /* TravelHeaderCell.xib in Resources */,
				954D2CDE257E2F4800ECE9D9 /* CategoryCollectionViewCell.xib in Resources */,
				A9BF7A87256F420D00496CD8 /* TravelCell.xib in Resources */,
				5C3DAF302566576000178EA0 /* CountryListViewController.xib in Resources */,
				9572F977256B5397003049CB /* .swiftlint.yml in Resources */,
				95A42E8625664DC40007810C /* Assets.xcassets in Resources */,
				95A42E8125664DBE0007810C /* Main.storyboard in Resources */,
				5C3DAF3A25666A8000178EA0 /* TravelDetail.storyboard in Resources */,
			);
			runOnlyForDeploymentPostprocessing = 0;
		};
		95A42E8D25664DC40007810C /* Resources */ = {
			isa = PBXResourcesBuildPhase;
			buildActionMask = 2147483647;
			files = (
			);
			runOnlyForDeploymentPostprocessing = 0;
		};
/* End PBXResourcesBuildPhase section */

/* Begin PBXShellScriptBuildPhase section */
		863277859F00183827011288 /* [CP] Check Pods Manifest.lock */ = {
			isa = PBXShellScriptBuildPhase;
			buildActionMask = 2147483647;
			files = (
			);
			inputFileListPaths = (
			);
			inputPaths = (
				"${PODS_PODFILE_DIR_PATH}/Podfile.lock",
				"${PODS_ROOT}/Manifest.lock",
			);
			name = "[CP] Check Pods Manifest.lock";
			outputFileListPaths = (
			);
			outputPaths = (
				"$(DERIVED_FILE_DIR)/Pods-BoostPocketTests-checkManifestLockResult.txt",
			);
			runOnlyForDeploymentPostprocessing = 0;
			shellPath = /bin/sh;
			shellScript = "diff \"${PODS_PODFILE_DIR_PATH}/Podfile.lock\" \"${PODS_ROOT}/Manifest.lock\" > /dev/null\nif [ $? != 0 ] ; then\n    # print error to STDERR\n    echo \"error: The sandbox is not in sync with the Podfile.lock. Run 'pod install' or update your CocoaPods installation.\" >&2\n    exit 1\nfi\n# This output is used by Xcode 'outputs' to avoid re-running this script phase.\necho \"SUCCESS\" > \"${SCRIPT_OUTPUT_FILE_0}\"\n";
			showEnvVarsInLog = 0;
		};
		9572F975256B5326003049CB /* ShellScript */ = {
			isa = PBXShellScriptBuildPhase;
			buildActionMask = 2147483647;
			files = (
			);
			inputFileListPaths = (
			);
			inputPaths = (
			);
			outputFileListPaths = (
			);
			outputPaths = (
			);
			runOnlyForDeploymentPostprocessing = 0;
			shellPath = /bin/sh;
			shellScript = "${PODS_ROOT}/SwiftLint/swiftlint\n";
		};
		AEF4ECA62A7CFEDFFDC5ACCA /* [CP] Embed Pods Frameworks */ = {
			isa = PBXShellScriptBuildPhase;
			buildActionMask = 2147483647;
			files = (
			);
			inputFileListPaths = (
				"${PODS_ROOT}/Target Support Files/Pods-BoostPocket/Pods-BoostPocket-frameworks-${CONFIGURATION}-input-files.xcfilelist",
			);
			name = "[CP] Embed Pods Frameworks";
			outputFileListPaths = (
				"${PODS_ROOT}/Target Support Files/Pods-BoostPocket/Pods-BoostPocket-frameworks-${CONFIGURATION}-output-files.xcfilelist",
			);
			runOnlyForDeploymentPostprocessing = 0;
			shellPath = /bin/sh;
			shellScript = "\"${PODS_ROOT}/Target Support Files/Pods-BoostPocket/Pods-BoostPocket-frameworks.sh\"\n";
			showEnvVarsInLog = 0;
		};
		B55ECE59FADBC4DD39B5B4A0 /* [CP] Check Pods Manifest.lock */ = {
			isa = PBXShellScriptBuildPhase;
			buildActionMask = 2147483647;
			files = (
			);
			inputFileListPaths = (
			);
			inputPaths = (
				"${PODS_PODFILE_DIR_PATH}/Podfile.lock",
				"${PODS_ROOT}/Manifest.lock",
			);
			name = "[CP] Check Pods Manifest.lock";
			outputFileListPaths = (
			);
			outputPaths = (
				"$(DERIVED_FILE_DIR)/Pods-BoostPocket-checkManifestLockResult.txt",
			);
			runOnlyForDeploymentPostprocessing = 0;
			shellPath = /bin/sh;
			shellScript = "diff \"${PODS_PODFILE_DIR_PATH}/Podfile.lock\" \"${PODS_ROOT}/Manifest.lock\" > /dev/null\nif [ $? != 0 ] ; then\n    # print error to STDERR\n    echo \"error: The sandbox is not in sync with the Podfile.lock. Run 'pod install' or update your CocoaPods installation.\" >&2\n    exit 1\nfi\n# This output is used by Xcode 'outputs' to avoid re-running this script phase.\necho \"SUCCESS\" > \"${SCRIPT_OUTPUT_FILE_0}\"\n";
			showEnvVarsInLog = 0;
		};
/* End PBXShellScriptBuildPhase section */

/* Begin PBXSourcesBuildPhase section */
		9572F979256B54E4003049CB /* Sources */ = {
			isa = PBXSourcesBuildPhase;
			buildActionMask = 2147483647;
			files = (
				9572F99C256B552E003049CB /* DataLoader.swift in Sources */,
			);
			runOnlyForDeploymentPostprocessing = 0;
		};
		9572F981256B54E4003049CB /* Sources */ = {
			isa = PBXSourcesBuildPhase;
			buildActionMask = 2147483647;
			files = (
				9572F99D256B552E003049CB /* DataLoader.swift in Sources */,
				9572F98D256B54E4003049CB /* NetworkManagerTests.swift in Sources */,
			);
			runOnlyForDeploymentPostprocessing = 0;
		};
		95A42E7225664DBE0007810C /* Sources */ = {
			isa = PBXSourcesBuildPhase;
			buildActionMask = 2147483647;
			files = (
				95A42E7E25664DBE0007810C /* TravelListViewController.swift in Sources */,
				5C3DAF3E25666B4D00178EA0 /* TravelProfileViewController.swift in Sources */,
				5C7F83632578B40400A58112 /* DayCell.swift in Sources */,
				5C815CC5257E2FB700D9EDF4 /* TotalAmountView.swift in Sources */,
				95747A67256FAF6B0065C419 /* TravelDetailTabbarController.swift in Sources */,
				9574ACD02578B4C10072C578 /* AddHistoryViewController.swift in Sources */,
				9579CBB7256E46A900E74A61 /* DataModelInfo.swift in Sources */,
				5C77958D257965B400A685FB /* UIStackView+RemoveAll.swift in Sources */,
				5C3DAF2F2566576000178EA0 /* CountryListViewController.swift in Sources */,
				9564EE9A257BBE3F00AD85AC /* Character+isOperation.swift in Sources */,
				5CAE96662577FC6300FD7F05 /* Double+Comma.swift in Sources */,
				5C8C9196256E8436008C3919 /* TravelItemViewModel.swift in Sources */,
				A9BF7AAB256F9CBF00496CD8 /* PaddedLabel.swift in Sources */,
				A9BF7A50256E293F00496CD8 /* TravelProvider.swift in Sources */,
				954F701B256D3E7700B2E48B /* Sections.swift in Sources */,
				5CB682E5256C03F800830373 /* CountryListViewModel.swift in Sources */,
				A9BF7A72256E2D5900496CD8 /* Travel+CoreDataProperties.swift in Sources */,
				954D2CDD257E2F4800ECE9D9 /* CategoryCollectionViewCell.swift in Sources */,
				9572F9A9256B902C003049CB /* PersistenceManager.swift in Sources */,
				A99E0682257E02780014C29F /* Double+NumberFormat.swift in Sources */,
				A99E0639257763B90014C29F /* HistoryProvider.swift in Sources */,
				5CD9A895257DCA2300A7AEFF /* HistoryFilter.swift in Sources */,
				A9BF7AA5256F9B8800496CD8 /* Date+ConvertToString.swift in Sources */,
				5C3DAF3525665F0200178EA0 /* CountryCell.swift in Sources */,
				A99E0646257766F50014C29F /* HistoryItemViewModel.swift in Sources */,
				5C4E1B0C256BD7CD006760EF /* CountryItemViewModel.swift in Sources */,
				A9BF7A37256D496C00496CD8 /* String+firstConsonant.swift in Sources */,
				95747A69256FCEEA0065C419 /* Data+ImageData.swift in Sources */,
				5C797493256FD263007CB1ED /* TravelHeaderCell.swift in Sources */,
				954F7019256D1C4B00B2E48B /* TravelListViewModel.swift in Sources */,
				A99E067A257DFC580014C29F /* String+CurrencySymbol.swift in Sources */,
				955555AB257E18A200CA81C9 /* Country+CoreDataProperties.swift in Sources */,
				5C7F83682578C77A00A58112 /* Date+PeriodOfDates.swift in Sources */,
				A9BF7A71256E2D5900496CD8 /* Travel+CoreDataClass.swift in Sources */,
				A99E062F257762520014C29F /* History+CoreDataClass.swift in Sources */,
				5C7F8373257902A100A58112 /* HistoryListSectionHeader.swift in Sources */,
				5C15AB492577DED700244C6C /* HistoryHeaderCell.swift in Sources */,
				9572F9AE256B9524003049CB /* CountryProvider.swift in Sources */,
				5CD76EBF256C938D00BD6CE3 /* BoostPocket.xcdatamodeld in Sources */,
				95A42E7A25664DBE0007810C /* AppDelegate.swift in Sources */,
				5C15AB3E2577C32000244C6C /* HistoryCell.swift in Sources */,
				5CF409482575239200351F4B /* MemoEditViewController.swift in Sources */,
				A99E0630257762520014C29F /* History+CoreDataProperties.swift in Sources */,
				A9BF7A86256F420D00496CD8 /* TravelCell.swift in Sources */,
				A99E06652578D6480014C29F /* HistoryDetailViewController.swift in Sources */,
				955555AA257E18A200CA81C9 /* Country+CoreDataClass.swift in Sources */,
				95A42E7C25664DBE0007810C /* SceneDelegate.swift in Sources */,
				A99E0613257534F10014C29F /* TitleEditViewController.swift in Sources */,
				5C15AB442577C96E00244C6C /* HistoryListViewController.swift in Sources */,
			);
			runOnlyForDeploymentPostprocessing = 0;
		};
		95A42E8B25664DC40007810C /* Sources */ = {
			isa = PBXSourcesBuildPhase;
			buildActionMask = 2147483647;
			files = (
				9581C709256E34AC006ABA8E /* PersistenceManagerTests.swift in Sources */,
				5CD76E9F256C24DC00BD6CE3 /* BoostPocket.xcdatamodeld in Sources */,
				956BBC58256B9CCC007803B1 /* CountryStub.swift in Sources */,
				A9BF7A77256E306100496CD8 /* TravelProviderTests.swift in Sources */,
				5CD9A89A257DCD6C00A7AEFF /* HistoryFilterTests.swift in Sources */,
				5C96E8E2256BDA4200246590 /* CountryViewModelTests.swift in Sources */,
				5C8C91AD256E8F0F008C3919 /* TravelViewModelTests.swift in Sources */,
				9572F9B3256B974C003049CB /* PersistenceManagerStub.swift in Sources */,
				A99E065425778B130014C29F /* HistoryViewModelTests.swift in Sources */,
				5C89619E256E917300575677 /* TravelStub.swift in Sources */,
				A99E064C257773430014C29F /* HistoryProviderTests.swift in Sources */,
				95A42E9425664DC40007810C /* BoostPocketTests.swift in Sources */,
				5CCB1265257DFF1D00C6788E /* HistoryItemViewModelStub.swift in Sources */,
				9572F9B0256B9703003049CB /* CountryProviderTests.swift in Sources */,
			);
			runOnlyForDeploymentPostprocessing = 0;
		};
/* End PBXSourcesBuildPhase section */

/* Begin PBXTargetDependency section */
		9572F988256B54E4003049CB /* PBXTargetDependency */ = {
			isa = PBXTargetDependency;
			target = 9572F97C256B54E4003049CB /* NetworkManager */;
			targetProxy = 9572F987256B54E4003049CB /* PBXContainerItemProxy */;
		};
		9572F98A256B54E4003049CB /* PBXTargetDependency */ = {
			isa = PBXTargetDependency;
			target = 95A42E7525664DBE0007810C /* BoostPocket */;
			targetProxy = 9572F989256B54E4003049CB /* PBXContainerItemProxy */;
		};
		9572F991256B54E4003049CB /* PBXTargetDependency */ = {
			isa = PBXTargetDependency;
			target = 9572F97C256B54E4003049CB /* NetworkManager */;
			targetProxy = 9572F990256B54E4003049CB /* PBXContainerItemProxy */;
		};
		95A42E9125664DC40007810C /* PBXTargetDependency */ = {
			isa = PBXTargetDependency;
			target = 95A42E7525664DBE0007810C /* BoostPocket */;
			targetProxy = 95A42E9025664DC40007810C /* PBXContainerItemProxy */;
		};
/* End PBXTargetDependency section */

/* Begin PBXVariantGroup section */
		95A42E7F25664DBE0007810C /* Main.storyboard */ = {
			isa = PBXVariantGroup;
			children = (
				95A42E8025664DBE0007810C /* Base */,
			);
			name = Main.storyboard;
			sourceTree = "<group>";
		};
		95A42E8725664DC40007810C /* LaunchScreen.storyboard */ = {
			isa = PBXVariantGroup;
			children = (
				95A42E8825664DC40007810C /* Base */,
			);
			name = LaunchScreen.storyboard;
			sourceTree = "<group>";
		};
/* End PBXVariantGroup section */

/* Begin XCBuildConfiguration section */
		9572F995256B54E4003049CB /* Debug */ = {
			isa = XCBuildConfiguration;
			buildSettings = {
				CLANG_ENABLE_MODULES = YES;
				CODE_SIGN_STYLE = Automatic;
				CURRENT_PROJECT_VERSION = 1;
				DEFINES_MODULE = YES;
				DEVELOPMENT_TEAM = B3PWYBKFUK;
				DYLIB_COMPATIBILITY_VERSION = 1;
				DYLIB_CURRENT_VERSION = 1;
				DYLIB_INSTALL_NAME_BASE = "@rpath";
				INFOPLIST_FILE = NetworkManager/Info.plist;
				INSTALL_PATH = "$(LOCAL_LIBRARY_DIR)/Frameworks";
				LD_RUNPATH_SEARCH_PATHS = (
					"$(inherited)",
					"@executable_path/Frameworks",
					"@loader_path/Frameworks",
				);
				PRODUCT_BUNDLE_IDENTIFIER = BoostPocket.NetworkManager;
				PRODUCT_NAME = "$(TARGET_NAME:c99extidentifier)";
				SKIP_INSTALL = YES;
				SWIFT_OPTIMIZATION_LEVEL = "-Onone";
				SWIFT_VERSION = 5.0;
				TARGETED_DEVICE_FAMILY = "1,2";
				VERSIONING_SYSTEM = "apple-generic";
				VERSION_INFO_PREFIX = "";
			};
			name = Debug;
		};
		9572F996256B54E4003049CB /* Release */ = {
			isa = XCBuildConfiguration;
			buildSettings = {
				CLANG_ENABLE_MODULES = YES;
				CODE_SIGN_STYLE = Automatic;
				CURRENT_PROJECT_VERSION = 1;
				DEFINES_MODULE = YES;
				DEVELOPMENT_TEAM = B3PWYBKFUK;
				DYLIB_COMPATIBILITY_VERSION = 1;
				DYLIB_CURRENT_VERSION = 1;
				DYLIB_INSTALL_NAME_BASE = "@rpath";
				INFOPLIST_FILE = NetworkManager/Info.plist;
				INSTALL_PATH = "$(LOCAL_LIBRARY_DIR)/Frameworks";
				LD_RUNPATH_SEARCH_PATHS = (
					"$(inherited)",
					"@executable_path/Frameworks",
					"@loader_path/Frameworks",
				);
				PRODUCT_BUNDLE_IDENTIFIER = BoostPocket.NetworkManager;
				PRODUCT_NAME = "$(TARGET_NAME:c99extidentifier)";
				SKIP_INSTALL = YES;
				SWIFT_VERSION = 5.0;
				TARGETED_DEVICE_FAMILY = "1,2";
				VERSIONING_SYSTEM = "apple-generic";
				VERSION_INFO_PREFIX = "";
			};
			name = Release;
		};
		9572F997256B54E4003049CB /* Debug */ = {
			isa = XCBuildConfiguration;
			buildSettings = {
				ALWAYS_EMBED_SWIFT_STANDARD_LIBRARIES = YES;
				CODE_SIGN_STYLE = Automatic;
				DEVELOPMENT_TEAM = B3PWYBKFUK;
				INFOPLIST_FILE = NetworkManagerTests/Info.plist;
				LD_RUNPATH_SEARCH_PATHS = (
					"$(inherited)",
					"@executable_path/Frameworks",
					"@loader_path/Frameworks",
				);
				PRODUCT_BUNDLE_IDENTIFIER = BoostPocket.NetworkManagerTests;
				PRODUCT_NAME = "$(TARGET_NAME)";
				SWIFT_VERSION = 5.0;
				TARGETED_DEVICE_FAMILY = "1,2";
				TEST_HOST = "$(BUILT_PRODUCTS_DIR)/BoostPocket.app/BoostPocket";
			};
			name = Debug;
		};
		9572F998256B54E4003049CB /* Release */ = {
			isa = XCBuildConfiguration;
			buildSettings = {
				ALWAYS_EMBED_SWIFT_STANDARD_LIBRARIES = YES;
				CODE_SIGN_STYLE = Automatic;
				DEVELOPMENT_TEAM = B3PWYBKFUK;
				INFOPLIST_FILE = NetworkManagerTests/Info.plist;
				LD_RUNPATH_SEARCH_PATHS = (
					"$(inherited)",
					"@executable_path/Frameworks",
					"@loader_path/Frameworks",
				);
				PRODUCT_BUNDLE_IDENTIFIER = BoostPocket.NetworkManagerTests;
				PRODUCT_NAME = "$(TARGET_NAME)";
				SWIFT_VERSION = 5.0;
				TARGETED_DEVICE_FAMILY = "1,2";
				TEST_HOST = "$(BUILT_PRODUCTS_DIR)/BoostPocket.app/BoostPocket";
			};
			name = Release;
		};
		95A42E9625664DC40007810C /* Debug */ = {
			isa = XCBuildConfiguration;
			buildSettings = {
				ALWAYS_SEARCH_USER_PATHS = NO;
				CLANG_ANALYZER_NONNULL = YES;
				CLANG_ANALYZER_NUMBER_OBJECT_CONVERSION = YES_AGGRESSIVE;
				CLANG_CXX_LANGUAGE_STANDARD = "gnu++14";
				CLANG_CXX_LIBRARY = "libc++";
				CLANG_ENABLE_MODULES = YES;
				CLANG_ENABLE_OBJC_ARC = YES;
				CLANG_ENABLE_OBJC_WEAK = YES;
				CLANG_WARN_BLOCK_CAPTURE_AUTORELEASING = YES;
				CLANG_WARN_BOOL_CONVERSION = YES;
				CLANG_WARN_COMMA = YES;
				CLANG_WARN_CONSTANT_CONVERSION = YES;
				CLANG_WARN_DEPRECATED_OBJC_IMPLEMENTATIONS = YES;
				CLANG_WARN_DIRECT_OBJC_ISA_USAGE = YES_ERROR;
				CLANG_WARN_DOCUMENTATION_COMMENTS = YES;
				CLANG_WARN_EMPTY_BODY = YES;
				CLANG_WARN_ENUM_CONVERSION = YES;
				CLANG_WARN_INFINITE_RECURSION = YES;
				CLANG_WARN_INT_CONVERSION = YES;
				CLANG_WARN_NON_LITERAL_NULL_CONVERSION = YES;
				CLANG_WARN_OBJC_IMPLICIT_RETAIN_SELF = YES;
				CLANG_WARN_OBJC_LITERAL_CONVERSION = YES;
				CLANG_WARN_OBJC_ROOT_CLASS = YES_ERROR;
				CLANG_WARN_RANGE_LOOP_ANALYSIS = YES;
				CLANG_WARN_STRICT_PROTOTYPES = YES;
				CLANG_WARN_SUSPICIOUS_MOVE = YES;
				CLANG_WARN_UNGUARDED_AVAILABILITY = YES_AGGRESSIVE;
				CLANG_WARN_UNREACHABLE_CODE = YES;
				CLANG_WARN__DUPLICATE_METHOD_MATCH = YES;
				COPY_PHASE_STRIP = NO;
				DEBUG_INFORMATION_FORMAT = dwarf;
				ENABLE_STRICT_OBJC_MSGSEND = YES;
				ENABLE_TESTABILITY = YES;
				GCC_C_LANGUAGE_STANDARD = gnu11;
				GCC_DYNAMIC_NO_PIC = NO;
				GCC_NO_COMMON_BLOCKS = YES;
				GCC_OPTIMIZATION_LEVEL = 0;
				GCC_PREPROCESSOR_DEFINITIONS = (
					"DEBUG=1",
					"$(inherited)",
				);
				GCC_WARN_64_TO_32_BIT_CONVERSION = YES;
				GCC_WARN_ABOUT_RETURN_TYPE = YES_ERROR;
				GCC_WARN_UNDECLARED_SELECTOR = YES;
				GCC_WARN_UNINITIALIZED_AUTOS = YES_AGGRESSIVE;
				GCC_WARN_UNUSED_FUNCTION = YES;
				GCC_WARN_UNUSED_VARIABLE = YES;
				IPHONEOS_DEPLOYMENT_TARGET = 13.6;
				MTL_ENABLE_DEBUG_INFO = INCLUDE_SOURCE;
				MTL_FAST_MATH = YES;
				ONLY_ACTIVE_ARCH = YES;
				SDKROOT = iphoneos;
				SWIFT_ACTIVE_COMPILATION_CONDITIONS = DEBUG;
				SWIFT_OPTIMIZATION_LEVEL = "-Onone";
			};
			name = Debug;
		};
		95A42E9725664DC40007810C /* Release */ = {
			isa = XCBuildConfiguration;
			buildSettings = {
				ALWAYS_SEARCH_USER_PATHS = NO;
				CLANG_ANALYZER_NONNULL = YES;
				CLANG_ANALYZER_NUMBER_OBJECT_CONVERSION = YES_AGGRESSIVE;
				CLANG_CXX_LANGUAGE_STANDARD = "gnu++14";
				CLANG_CXX_LIBRARY = "libc++";
				CLANG_ENABLE_MODULES = YES;
				CLANG_ENABLE_OBJC_ARC = YES;
				CLANG_ENABLE_OBJC_WEAK = YES;
				CLANG_WARN_BLOCK_CAPTURE_AUTORELEASING = YES;
				CLANG_WARN_BOOL_CONVERSION = YES;
				CLANG_WARN_COMMA = YES;
				CLANG_WARN_CONSTANT_CONVERSION = YES;
				CLANG_WARN_DEPRECATED_OBJC_IMPLEMENTATIONS = YES;
				CLANG_WARN_DIRECT_OBJC_ISA_USAGE = YES_ERROR;
				CLANG_WARN_DOCUMENTATION_COMMENTS = YES;
				CLANG_WARN_EMPTY_BODY = YES;
				CLANG_WARN_ENUM_CONVERSION = YES;
				CLANG_WARN_INFINITE_RECURSION = YES;
				CLANG_WARN_INT_CONVERSION = YES;
				CLANG_WARN_NON_LITERAL_NULL_CONVERSION = YES;
				CLANG_WARN_OBJC_IMPLICIT_RETAIN_SELF = YES;
				CLANG_WARN_OBJC_LITERAL_CONVERSION = YES;
				CLANG_WARN_OBJC_ROOT_CLASS = YES_ERROR;
				CLANG_WARN_RANGE_LOOP_ANALYSIS = YES;
				CLANG_WARN_STRICT_PROTOTYPES = YES;
				CLANG_WARN_SUSPICIOUS_MOVE = YES;
				CLANG_WARN_UNGUARDED_AVAILABILITY = YES_AGGRESSIVE;
				CLANG_WARN_UNREACHABLE_CODE = YES;
				CLANG_WARN__DUPLICATE_METHOD_MATCH = YES;
				COPY_PHASE_STRIP = NO;
				DEBUG_INFORMATION_FORMAT = "dwarf-with-dsym";
				ENABLE_NS_ASSERTIONS = NO;
				ENABLE_STRICT_OBJC_MSGSEND = YES;
				GCC_C_LANGUAGE_STANDARD = gnu11;
				GCC_NO_COMMON_BLOCKS = YES;
				GCC_WARN_64_TO_32_BIT_CONVERSION = YES;
				GCC_WARN_ABOUT_RETURN_TYPE = YES_ERROR;
				GCC_WARN_UNDECLARED_SELECTOR = YES;
				GCC_WARN_UNINITIALIZED_AUTOS = YES_AGGRESSIVE;
				GCC_WARN_UNUSED_FUNCTION = YES;
				GCC_WARN_UNUSED_VARIABLE = YES;
				IPHONEOS_DEPLOYMENT_TARGET = 13.6;
				MTL_ENABLE_DEBUG_INFO = NO;
				MTL_FAST_MATH = YES;
				SDKROOT = iphoneos;
				SWIFT_COMPILATION_MODE = wholemodule;
				SWIFT_OPTIMIZATION_LEVEL = "-O";
				VALIDATE_PRODUCT = YES;
			};
			name = Release;
		};
		95A42E9925664DC40007810C /* Debug */ = {
			isa = XCBuildConfiguration;
			baseConfigurationReference = 9381276269F50AEF5C02E72C /* Pods-BoostPocket.debug.xcconfig */;
			buildSettings = {
				ASSETCATALOG_COMPILER_APPICON_NAME = AppIcon;
				CODE_SIGN_STYLE = Automatic;
				DEVELOPMENT_TEAM = B3PWYBKFUK;
				INFOPLIST_FILE = BoostPocket/Info.plist;
				LD_RUNPATH_SEARCH_PATHS = (
					"$(inherited)",
					"@executable_path/Frameworks",
				);
				PRODUCT_BUNDLE_IDENTIFIER = BoostPocket.BoostPocket;
				PRODUCT_NAME = "$(TARGET_NAME)";
				SWIFT_VERSION = 5.0;
				TARGETED_DEVICE_FAMILY = "1,2";
			};
			name = Debug;
		};
		95A42E9A25664DC40007810C /* Release */ = {
			isa = XCBuildConfiguration;
			baseConfigurationReference = 57F756558017352589C6CED3 /* Pods-BoostPocket.release.xcconfig */;
			buildSettings = {
				ASSETCATALOG_COMPILER_APPICON_NAME = AppIcon;
				CODE_SIGN_STYLE = Automatic;
				DEVELOPMENT_TEAM = B3PWYBKFUK;
				INFOPLIST_FILE = BoostPocket/Info.plist;
				LD_RUNPATH_SEARCH_PATHS = (
					"$(inherited)",
					"@executable_path/Frameworks",
				);
				PRODUCT_BUNDLE_IDENTIFIER = BoostPocket.BoostPocket;
				PRODUCT_NAME = "$(TARGET_NAME)";
				SWIFT_VERSION = 5.0;
				TARGETED_DEVICE_FAMILY = "1,2";
			};
			name = Release;
		};
		95A42E9C25664DC40007810C /* Debug */ = {
			isa = XCBuildConfiguration;
			baseConfigurationReference = E2D16BE855D0105455137550 /* Pods-BoostPocketTests.debug.xcconfig */;
			buildSettings = {
				ALWAYS_EMBED_SWIFT_STANDARD_LIBRARIES = YES;
				BUNDLE_LOADER = "$(TEST_HOST)";
				CODE_SIGN_STYLE = Automatic;
				DEVELOPMENT_TEAM = B3PWYBKFUK;
				INFOPLIST_FILE = BoostPocketTests/Info.plist;
				IPHONEOS_DEPLOYMENT_TARGET = 13.6;
				LD_RUNPATH_SEARCH_PATHS = (
					"$(inherited)",
					"@executable_path/Frameworks",
					"@loader_path/Frameworks",
				);
				PRODUCT_BUNDLE_IDENTIFIER = BoostPocket.BoostPocketTests;
				PRODUCT_NAME = "$(TARGET_NAME)";
				SWIFT_VERSION = 5.0;
				TARGETED_DEVICE_FAMILY = "1,2";
				TEST_HOST = "$(BUILT_PRODUCTS_DIR)/BoostPocket.app/BoostPocket";
			};
			name = Debug;
		};
		95A42E9D25664DC40007810C /* Release */ = {
			isa = XCBuildConfiguration;
			baseConfigurationReference = 460E2B0DBA1F49A0D275F156 /* Pods-BoostPocketTests.release.xcconfig */;
			buildSettings = {
				ALWAYS_EMBED_SWIFT_STANDARD_LIBRARIES = YES;
				BUNDLE_LOADER = "$(TEST_HOST)";
				CODE_SIGN_STYLE = Automatic;
				DEVELOPMENT_TEAM = B3PWYBKFUK;
				INFOPLIST_FILE = BoostPocketTests/Info.plist;
				IPHONEOS_DEPLOYMENT_TARGET = 13.6;
				LD_RUNPATH_SEARCH_PATHS = (
					"$(inherited)",
					"@executable_path/Frameworks",
					"@loader_path/Frameworks",
				);
				PRODUCT_BUNDLE_IDENTIFIER = BoostPocket.BoostPocketTests;
				PRODUCT_NAME = "$(TARGET_NAME)";
				SWIFT_VERSION = 5.0;
				TARGETED_DEVICE_FAMILY = "1,2";
				TEST_HOST = "$(BUILT_PRODUCTS_DIR)/BoostPocket.app/BoostPocket";
			};
			name = Release;
		};
/* End XCBuildConfiguration section */

/* Begin XCConfigurationList section */
		9572F999256B54E4003049CB /* Build configuration list for PBXNativeTarget "NetworkManager" */ = {
			isa = XCConfigurationList;
			buildConfigurations = (
				9572F995256B54E4003049CB /* Debug */,
				9572F996256B54E4003049CB /* Release */,
			);
			defaultConfigurationIsVisible = 0;
			defaultConfigurationName = Release;
		};
		9572F99A256B54E4003049CB /* Build configuration list for PBXNativeTarget "NetworkManagerTests" */ = {
			isa = XCConfigurationList;
			buildConfigurations = (
				9572F997256B54E4003049CB /* Debug */,
				9572F998256B54E4003049CB /* Release */,
			);
			defaultConfigurationIsVisible = 0;
			defaultConfigurationName = Release;
		};
		95A42E7125664DBE0007810C /* Build configuration list for PBXProject "BoostPocket" */ = {
			isa = XCConfigurationList;
			buildConfigurations = (
				95A42E9625664DC40007810C /* Debug */,
				95A42E9725664DC40007810C /* Release */,
			);
			defaultConfigurationIsVisible = 0;
			defaultConfigurationName = Release;
		};
		95A42E9825664DC40007810C /* Build configuration list for PBXNativeTarget "BoostPocket" */ = {
			isa = XCConfigurationList;
			buildConfigurations = (
				95A42E9925664DC40007810C /* Debug */,
				95A42E9A25664DC40007810C /* Release */,
			);
			defaultConfigurationIsVisible = 0;
			defaultConfigurationName = Release;
		};
		95A42E9B25664DC40007810C /* Build configuration list for PBXNativeTarget "BoostPocketTests" */ = {
			isa = XCConfigurationList;
			buildConfigurations = (
				95A42E9C25664DC40007810C /* Debug */,
				95A42E9D25664DC40007810C /* Release */,
			);
			defaultConfigurationIsVisible = 0;
			defaultConfigurationName = Release;
		};
/* End XCConfigurationList section */

/* Begin XCVersionGroup section */
		95A42E8225664DBE0007810C /* BoostPocket.xcdatamodeld */ = {
			isa = XCVersionGroup;
			children = (
				95A42E8325664DBE0007810C /* BoostPocket.xcdatamodel */,
			);
			currentVersion = 95A42E8325664DBE0007810C /* BoostPocket.xcdatamodel */;
			path = BoostPocket.xcdatamodeld;
			sourceTree = "<group>";
			versionGroupType = wrapper.xcdatamodel;
		};
/* End XCVersionGroup section */
	};
	rootObject = 95A42E6E25664DBE0007810C /* Project object */;
}
