PODS:
  - FlagKit (2.2)
  - SwiftLint (0.41.0)

DEPENDENCIES:
  - FlagKit
  - SwiftLint

SPEC REPOS:
  trunk:
    - FlagKit
    - SwiftLint

SPEC CHECKSUMS:
  FlagKit: eca7dc89064b0c986302ba9acefad1bf80a435b1
  SwiftLint: c585ebd615d9520d7fbdbe151f527977b0534f1e

PODFILE CHECKSUM: 2d25cae3f5d84ceeec004d700191ef538d1440d7

COCOAPODS: 1.9.3
